// !$*UTF8*$!
{
	archiveVersion = 1;
	classes = {
	};
	objectVersion = 48;
	objects = {

/* Begin PBXBuildFile section */
		56ACFFAD0797B425BB22D836 /* Pods_htd.framework in Frameworks */ = {isa = PBXBuildFile; fileRef = C472F0F787E5D6981E0F5C2F /* Pods_htd.framework */; };
		B42D4265204C5CB00002175A /* Colorize.swift in Sources */ = {isa = PBXBuildFile; fileRef = B42D4264204C5CB00002175A /* Colorize.swift */; };
		B455A6BB200A6600000247BC /* AppDelegate.swift in Sources */ = {isa = PBXBuildFile; fileRef = B455A6BA200A6600000247BC /* AppDelegate.swift */; };
		B455A6C0200A6601000247BC /* Main.storyboard in Resources */ = {isa = PBXBuildFile; fileRef = B455A6BE200A6601000247BC /* Main.storyboard */; };
		B455A6C3200A6601000247BC /* htd.xcdatamodeld in Sources */ = {isa = PBXBuildFile; fileRef = B455A6C1200A6601000247BC /* htd.xcdatamodeld */; };
		B455A6C5200A6601000247BC /* Assets.xcassets in Resources */ = {isa = PBXBuildFile; fileRef = B455A6C4200A6601000247BC /* Assets.xcassets */; };
		B455A6D1200AA240000247BC /* MainScreenViewController.swift in Sources */ = {isa = PBXBuildFile; fileRef = B455A6D0200AA240000247BC /* MainScreenViewController.swift */; };
		B455A6E2200AA502000247BC /* SF-Pro-Text-BoldItalic.otf in Resources */ = {isa = PBXBuildFile; fileRef = B455A6D6200AA4FF000247BC /* SF-Pro-Text-BoldItalic.otf */; };
		B455A6E3200AA502000247BC /* SF-Pro-Text-Bold.otf in Resources */ = {isa = PBXBuildFile; fileRef = B455A6D7200AA4FF000247BC /* SF-Pro-Text-Bold.otf */; };
		B455A6E4200AA502000247BC /* SF-Pro-Text-Heavy.otf in Resources */ = {isa = PBXBuildFile; fileRef = B455A6D8200AA500000247BC /* SF-Pro-Text-Heavy.otf */; };
		B455A6E5200AA502000247BC /* SF-Pro-Text-HeavyItalic.otf in Resources */ = {isa = PBXBuildFile; fileRef = B455A6D9200AA500000247BC /* SF-Pro-Text-HeavyItalic.otf */; };
		B455A6E6200AA502000247BC /* SF-Pro-Text-Light.otf in Resources */ = {isa = PBXBuildFile; fileRef = B455A6DA200AA500000247BC /* SF-Pro-Text-Light.otf */; };
		B455A6E7200AA502000247BC /* SF-Pro-Text-LightItalic.otf in Resources */ = {isa = PBXBuildFile; fileRef = B455A6DB200AA500000247BC /* SF-Pro-Text-LightItalic.otf */; };
		B455A6E8200AA502000247BC /* SF-Pro-Text-Semibold.otf in Resources */ = {isa = PBXBuildFile; fileRef = B455A6DC200AA500000247BC /* SF-Pro-Text-Semibold.otf */; };
		B455A6E9200AA502000247BC /* SF-Pro-Text-Medium.otf in Resources */ = {isa = PBXBuildFile; fileRef = B455A6DD200AA501000247BC /* SF-Pro-Text-Medium.otf */; };
		B455A6EA200AA502000247BC /* SF-Pro-Text-MediumItalic.otf in Resources */ = {isa = PBXBuildFile; fileRef = B455A6DE200AA501000247BC /* SF-Pro-Text-MediumItalic.otf */; };
		B455A6EB200AA502000247BC /* SF-Pro-Text-Regular.otf in Resources */ = {isa = PBXBuildFile; fileRef = B455A6DF200AA501000247BC /* SF-Pro-Text-Regular.otf */; };
		B455A6EC200AA502000247BC /* SF-Pro-Text-RegularItalic.otf in Resources */ = {isa = PBXBuildFile; fileRef = B455A6E0200AA501000247BC /* SF-Pro-Text-RegularItalic.otf */; };
		B455A6ED200AA502000247BC /* SF-Pro-Text-SemiboldItalic.otf in Resources */ = {isa = PBXBuildFile; fileRef = B455A6E1200AA501000247BC /* SF-Pro-Text-SemiboldItalic.otf */; };
		B455A6F2200AAF68000247BC /* LevelsTableViewCell.swift in Sources */ = {isa = PBXBuildFile; fileRef = B455A6F1200AAF68000247BC /* LevelsTableViewCell.swift */; };
		B455A6F4200AB5F2000247BC /* Level.swift in Sources */ = {isa = PBXBuildFile; fileRef = B455A6F3200AB5F2000247BC /* Level.swift */; };
		B455A6F7200AB71A000247BC /* Levels.swift in Sources */ = {isa = PBXBuildFile; fileRef = B455A6F6200AB71A000247BC /* Levels.swift */; };
		B455A6F9200B9457000247BC /* DetailsViewController.swift in Sources */ = {isa = PBXBuildFile; fileRef = B455A6F8200B9457000247BC /* DetailsViewController.swift */; };
		B458A921204F416D00B3E7B4 /* GA.m in Sources */ = {isa = PBXBuildFile; fileRef = B458A920204F416D00B3E7B4 /* GA.m */; };
		B45CF7822039EA4000901235 /* Levels.strings in Resources */ = {isa = PBXBuildFile; fileRef = B45CF7842039EA4000901235 /* Levels.strings */; };
		B45CF7872039F87B00901235 /* Stage.swift in Sources */ = {isa = PBXBuildFile; fileRef = B45CF7862039F87B00901235 /* Stage.swift */; };
		B466B5DC205AD97A0005F81C /* Bolts.framework in Frameworks */ = {isa = PBXBuildFile; fileRef = B466B5DB205AD97A0005F81C /* Bolts.framework */; };
		B466B5DE205AD9880005F81C /* FBSDKCoreKit.framework in Frameworks */ = {isa = PBXBuildFile; fileRef = B466B5DD205AD9880005F81C /* FBSDKCoreKit.framework */; };
		B466B5E1205ADA2F0005F81C /* FB.m in Sources */ = {isa = PBXBuildFile; fileRef = B466B5E0205ADA2F0005F81C /* FB.m */; };
		B468F425200BA0C100C085C5 /* GalleryCollectionViewCell.swift in Sources */ = {isa = PBXBuildFile; fileRef = B468F424200BA0C100C085C5 /* GalleryCollectionViewCell.swift */; };
		B468F42E200BC55500C085C5 /* RecognizerViewController.swift in Sources */ = {isa = PBXBuildFile; fileRef = B468F42D200BC55500C085C5 /* RecognizerViewController.swift */; };
		B47F3B41202612BF007E0B26 /* Localizable.strings in Resources */ = {isa = PBXBuildFile; fileRef = B47F3B43202612BF007E0B26 /* Localizable.strings */; };
		B47F3B4B20264245007E0B26 /* CarouselViewController.swift in Sources */ = {isa = PBXBuildFile; fileRef = B47F3B4A20264245007E0B26 /* CarouselViewController.swift */; };
		B491506D204DE12300268384 /* PaymentScreenViewController.swift in Sources */ = {isa = PBXBuildFile; fileRef = B491506C204DE12300268384 /* PaymentScreenViewController.swift */; };
		B498394E204DC8840080CA37 /* Purchase.swift in Sources */ = {isa = PBXBuildFile; fileRef = B498394D204DC8840080CA37 /* Purchase.swift */; };
		B4AD7EEE20279CB70093EF65 /* MoreCaptionTableViewCell.swift in Sources */ = {isa = PBXBuildFile; fileRef = B4AD7EED20279CB70093EF65 /* MoreCaptionTableViewCell.swift */; };
		B4BCFE22202609F4008161EA /* Info.plist in Resources */ = {isa = PBXBuildFile; fileRef = B4BCFE21202609F3008161EA /* Info.plist */; };
		B4BCFE2520260A45008161EA /* InfoPlist.strings in Resources */ = {isa = PBXBuildFile; fileRef = B4BCFE2720260A45008161EA /* InfoPlist.strings */; };
		B4BCFE2D20260B72008161EA /* GramCase.swift in Sources */ = {isa = PBXBuildFile; fileRef = B4BCFE2C20260B72008161EA /* GramCase.swift */; };
		B4C35F77202B9AB7000D3CB4 /* Recognizer.swift in Sources */ = {isa = PBXBuildFile; fileRef = B4C35F76202B9AB7000D3CB4 /* Recognizer.swift */; };
		B4C35F7B202BA597000D3CB4 /* RealmSwift.framework in Frameworks */ = {isa = PBXBuildFile; fileRef = B4C35F79202BA593000D3CB4 /* RealmSwift.framework */; };
		B4C35F7C202BA597000D3CB4 /* Realm.framework in Frameworks */ = {isa = PBXBuildFile; fileRef = B4C35F7A202BA597000D3CB4 /* Realm.framework */; };
		B4C35F7F202BA6B1000D3CB4 /* Realm.framework in Frameworks */ = {isa = PBXBuildFile; fileRef = B4C35F7A202BA597000D3CB4 /* Realm.framework */; };
		B4C35F80202BA6B1000D3CB4 /* Realm.framework in Embed Frameworks */ = {isa = PBXBuildFile; fileRef = B4C35F7A202BA597000D3CB4 /* Realm.framework */; settings = {ATTRIBUTES = (CodeSignOnCopy, RemoveHeadersOnCopy, ); }; };
		B4C35F81202BA6B1000D3CB4 /* RealmSwift.framework in Frameworks */ = {isa = PBXBuildFile; fileRef = B4C35F79202BA593000D3CB4 /* RealmSwift.framework */; };
		B4C35F82202BA6B1000D3CB4 /* RealmSwift.framework in Embed Frameworks */ = {isa = PBXBuildFile; fileRef = B4C35F79202BA593000D3CB4 /* RealmSwift.framework */; settings = {ATTRIBUTES = (CodeSignOnCopy, RemoveHeadersOnCopy, ); }; };
		B4CCEE582026586E0081014A /* CarouselPageViewController.swift in Sources */ = {isa = PBXBuildFile; fileRef = B4CCEE572026586E0081014A /* CarouselPageViewController.swift */; };
		B4CCEE5A20274F0C0081014A /* Analytics.swift in Sources */ = {isa = PBXBuildFile; fileRef = B4CCEE5920274F0B0081014A /* Analytics.swift */; };
		B4CFCA372027858D00A91B1C /* LaunchScreen_ru.storyboard in Resources */ = {isa = PBXBuildFile; fileRef = B4CFCA352027858C00A91B1C /* LaunchScreen_ru.storyboard */; };
		B4CFCA3A202785AD00A91B1C /* LaunchScreen_en.storyboard in Resources */ = {isa = PBXBuildFile; fileRef = B4CFCA38202785AD00A91B1C /* LaunchScreen_en.storyboard */; };
		B4D931B42023A33F0071E283 /* SuccessScreenViewController.swift in Sources */ = {isa = PBXBuildFile; fileRef = B4D931B32023A33F0071E283 /* SuccessScreenViewController.swift */; };
		B4D931B92024E0BC0071E283 /* Score.swift in Sources */ = {isa = PBXBuildFile; fileRef = B4D931B82024E0BC0071E283 /* Score.swift */; };
		B4D931BE202595F50071E283 /* Images.bundle in Resources */ = {isa = PBXBuildFile; fileRef = B4D931BD202595F50071E283 /* Images.bundle */; };
		B4D931C02025B6690071E283 /* realmodel.mlmodel in Sources */ = {isa = PBXBuildFile; fileRef = B4D931BF2025B6690071E283 /* realmodel.mlmodel */; };
		B4DBE0FE204DC6FC00531AF5 /* StoreKit.framework in Frameworks */ = {isa = PBXBuildFile; fileRef = B4DBE0FD204DC6FC00531AF5 /* StoreKit.framework */; };
		B4EB79F9204E040F0042571D /* Crashlytics.framework in Frameworks */ = {isa = PBXBuildFile; fileRef = B4EB79F7204E040E0042571D /* Crashlytics.framework */; };
		B4EB79FA204E040F0042571D /* Fabric.framework in Frameworks */ = {isa = PBXBuildFile; fileRef = B4EB79F8204E040E0042571D /* Fabric.framework */; };
		B4EB79FC204E09750042571D /* GoogleService-Info.plist in Resources */ = {isa = PBXBuildFile; fileRef = B4EB79FB204E09740042571D /* GoogleService-Info.plist */; };
/* End PBXBuildFile section */

/* Begin PBXCopyFilesBuildPhase section */
		B4C35F83202BA6B1000D3CB4 /* Embed Frameworks */ = {
			isa = PBXCopyFilesBuildPhase;
			buildActionMask = 2147483647;
			dstPath = "";
			dstSubfolderSpec = 10;
			files = (
				B4C35F82202BA6B1000D3CB4 /* RealmSwift.framework in Embed Frameworks */,
				B4C35F80202BA6B1000D3CB4 /* Realm.framework in Embed Frameworks */,
			);
			name = "Embed Frameworks";
			runOnlyForDeploymentPostprocessing = 0;
		};
/* End PBXCopyFilesBuildPhase section */

/* Begin PBXFileReference section */
		53F04AC74C63E30B0182C1EC /* Pods-htd.release.xcconfig */ = {isa = PBXFileReference; includeInIndex = 1; lastKnownFileType = text.xcconfig; name = "Pods-htd.release.xcconfig"; path = "Pods/Target Support Files/Pods-htd/Pods-htd.release.xcconfig"; sourceTree = "<group>"; };
		B42D4264204C5CB00002175A /* Colorize.swift */ = {isa = PBXFileReference; lastKnownFileType = sourcecode.swift; path = Colorize.swift; sourceTree = "<group>"; };
		B44E4F8E202982660062CEC5 /* Base */ = {isa = PBXFileReference; lastKnownFileType = text.plist.strings; name = Base; path = Base.lproj/InfoPlist.strings; sourceTree = "<group>"; };
		B455A6B7200A6600000247BC /* htd.app */ = {isa = PBXFileReference; explicitFileType = wrapper.application; includeInIndex = 0; path = htd.app; sourceTree = BUILT_PRODUCTS_DIR; };
		B455A6BA200A6600000247BC /* AppDelegate.swift */ = {isa = PBXFileReference; lastKnownFileType = sourcecode.swift; path = AppDelegate.swift; sourceTree = "<group>"; };
		B455A6BF200A6601000247BC /* Base */ = {isa = PBXFileReference; lastKnownFileType = file.storyboard; name = Base; path = Base.lproj/Main.storyboard; sourceTree = "<group>"; };
		B455A6C2200A6601000247BC /* htd.xcdatamodel */ = {isa = PBXFileReference; lastKnownFileType = wrapper.xcdatamodel; path = htd.xcdatamodel; sourceTree = "<group>"; };
		B455A6C4200A6601000247BC /* Assets.xcassets */ = {isa = PBXFileReference; lastKnownFileType = folder.assetcatalog; path = Assets.xcassets; sourceTree = "<group>"; };
		B455A6D0200AA240000247BC /* MainScreenViewController.swift */ = {isa = PBXFileReference; lastKnownFileType = sourcecode.swift; path = MainScreenViewController.swift; sourceTree = "<group>"; };
		B455A6D6200AA4FF000247BC /* SF-Pro-Text-BoldItalic.otf */ = {isa = PBXFileReference; lastKnownFileType = file; path = "SF-Pro-Text-BoldItalic.otf"; sourceTree = "<group>"; };
		B455A6D7200AA4FF000247BC /* SF-Pro-Text-Bold.otf */ = {isa = PBXFileReference; lastKnownFileType = file; path = "SF-Pro-Text-Bold.otf"; sourceTree = "<group>"; };
		B455A6D8200AA500000247BC /* SF-Pro-Text-Heavy.otf */ = {isa = PBXFileReference; lastKnownFileType = file; path = "SF-Pro-Text-Heavy.otf"; sourceTree = "<group>"; };
		B455A6D9200AA500000247BC /* SF-Pro-Text-HeavyItalic.otf */ = {isa = PBXFileReference; lastKnownFileType = file; path = "SF-Pro-Text-HeavyItalic.otf"; sourceTree = "<group>"; };
		B455A6DA200AA500000247BC /* SF-Pro-Text-Light.otf */ = {isa = PBXFileReference; lastKnownFileType = file; path = "SF-Pro-Text-Light.otf"; sourceTree = "<group>"; };
		B455A6DB200AA500000247BC /* SF-Pro-Text-LightItalic.otf */ = {isa = PBXFileReference; lastKnownFileType = file; path = "SF-Pro-Text-LightItalic.otf"; sourceTree = "<group>"; };
		B455A6DC200AA500000247BC /* SF-Pro-Text-Semibold.otf */ = {isa = PBXFileReference; lastKnownFileType = file; path = "SF-Pro-Text-Semibold.otf"; sourceTree = "<group>"; };
		B455A6DD200AA501000247BC /* SF-Pro-Text-Medium.otf */ = {isa = PBXFileReference; lastKnownFileType = file; path = "SF-Pro-Text-Medium.otf"; sourceTree = "<group>"; };
		B455A6DE200AA501000247BC /* SF-Pro-Text-MediumItalic.otf */ = {isa = PBXFileReference; lastKnownFileType = file; path = "SF-Pro-Text-MediumItalic.otf"; sourceTree = "<group>"; };
		B455A6DF200AA501000247BC /* SF-Pro-Text-Regular.otf */ = {isa = PBXFileReference; lastKnownFileType = file; path = "SF-Pro-Text-Regular.otf"; sourceTree = "<group>"; };
		B455A6E0200AA501000247BC /* SF-Pro-Text-RegularItalic.otf */ = {isa = PBXFileReference; lastKnownFileType = file; path = "SF-Pro-Text-RegularItalic.otf"; sourceTree = "<group>"; };
		B455A6E1200AA501000247BC /* SF-Pro-Text-SemiboldItalic.otf */ = {isa = PBXFileReference; lastKnownFileType = file; path = "SF-Pro-Text-SemiboldItalic.otf"; sourceTree = "<group>"; };
		B455A6F1200AAF68000247BC /* LevelsTableViewCell.swift */ = {isa = PBXFileReference; lastKnownFileType = sourcecode.swift; path = LevelsTableViewCell.swift; sourceTree = "<group>"; };
		B455A6F3200AB5F2000247BC /* Level.swift */ = {isa = PBXFileReference; lastKnownFileType = sourcecode.swift; path = Level.swift; sourceTree = "<group>"; };
		B455A6F6200AB71A000247BC /* Levels.swift */ = {isa = PBXFileReference; lastKnownFileType = sourcecode.swift; path = Levels.swift; sourceTree = "<group>"; };
		B455A6F8200B9457000247BC /* DetailsViewController.swift */ = {isa = PBXFileReference; lastKnownFileType = sourcecode.swift; path = DetailsViewController.swift; sourceTree = "<group>"; };
		B458A91E204F416D00B3E7B4 /* htd-Bridging-Header.h */ = {isa = PBXFileReference; lastKnownFileType = sourcecode.c.h; path = "htd-Bridging-Header.h"; sourceTree = "<group>"; };
		B458A91F204F416D00B3E7B4 /* GA.h */ = {isa = PBXFileReference; lastKnownFileType = sourcecode.c.h; path = GA.h; sourceTree = "<group>"; };
		B458A920204F416D00B3E7B4 /* GA.m */ = {isa = PBXFileReference; lastKnownFileType = sourcecode.c.objc; path = GA.m; sourceTree = "<group>"; };
		B458A922204F485F00B3E7B4 /* htd.entitlements */ = {isa = PBXFileReference; lastKnownFileType = text.plist.entitlements; path = htd.entitlements; sourceTree = "<group>"; };
		B45CF7832039EA4000901235 /* en */ = {isa = PBXFileReference; lastKnownFileType = text.plist.strings; name = en; path = en.lproj/Levels.strings; sourceTree = "<group>"; };
		B45CF7852039EA4200901235 /* ru */ = {isa = PBXFileReference; lastKnownFileType = text.plist.strings; name = ru; path = ru.lproj/Levels.strings; sourceTree = "<group>"; };
		B45CF7862039F87B00901235 /* Stage.swift */ = {isa = PBXFileReference; lastKnownFileType = sourcecode.swift; path = Stage.swift; sourceTree = "<group>"; };
		B466B5DB205AD97A0005F81C /* Bolts.framework */ = {isa = PBXFileReference; lastKnownFileType = wrapper.framework; path = Bolts.framework; sourceTree = "<group>"; };
		B466B5DD205AD9880005F81C /* FBSDKCoreKit.framework */ = {isa = PBXFileReference; lastKnownFileType = wrapper.framework; path = FBSDKCoreKit.framework; sourceTree = "<group>"; };
		B466B5DF205ADA2F0005F81C /* FB.h */ = {isa = PBXFileReference; lastKnownFileType = sourcecode.c.h; path = FB.h; sourceTree = "<group>"; };
		B466B5E0205ADA2F0005F81C /* FB.m */ = {isa = PBXFileReference; lastKnownFileType = sourcecode.c.objc; path = FB.m; sourceTree = "<group>"; };
		B468F424200BA0C100C085C5 /* GalleryCollectionViewCell.swift */ = {isa = PBXFileReference; lastKnownFileType = sourcecode.swift; path = GalleryCollectionViewCell.swift; sourceTree = "<group>"; };
		B468F42D200BC55500C085C5 /* RecognizerViewController.swift */ = {isa = PBXFileReference; lastKnownFileType = sourcecode.swift; path = RecognizerViewController.swift; sourceTree = "<group>"; };
		B47F3B42202612BF007E0B26 /* en */ = {isa = PBXFileReference; lastKnownFileType = text.plist.strings; name = en; path = en.lproj/Localizable.strings; sourceTree = "<group>"; };
		B47F3B44202612C1007E0B26 /* ru */ = {isa = PBXFileReference; lastKnownFileType = text.plist.strings; name = ru; path = ru.lproj/Localizable.strings; sourceTree = "<group>"; };
		B47F3B4A20264245007E0B26 /* CarouselViewController.swift */ = {isa = PBXFileReference; lastKnownFileType = sourcecode.swift; path = CarouselViewController.swift; sourceTree = "<group>"; };
		B491506C204DE12300268384 /* PaymentScreenViewController.swift */ = {isa = PBXFileReference; lastKnownFileType = sourcecode.swift; path = PaymentScreenViewController.swift; sourceTree = "<group>"; };
		B498394D204DC8840080CA37 /* Purchase.swift */ = {isa = PBXFileReference; lastKnownFileType = sourcecode.swift; path = Purchase.swift; sourceTree = "<group>"; };
		B4AD7EED20279CB70093EF65 /* MoreCaptionTableViewCell.swift */ = {isa = PBXFileReference; lastKnownFileType = sourcecode.swift; path = MoreCaptionTableViewCell.swift; sourceTree = "<group>"; };
		B4BCFE21202609F3008161EA /* Info.plist */ = {isa = PBXFileReference; fileEncoding = 4; lastKnownFileType = text.plist.xml; path = Info.plist; sourceTree = "<group>"; };
		B4BCFE2620260A45008161EA /* en */ = {isa = PBXFileReference; lastKnownFileType = text.plist.strings; name = en; path = en.lproj/InfoPlist.strings; sourceTree = "<group>"; };
		B4BCFE2820260A46008161EA /* ru */ = {isa = PBXFileReference; lastKnownFileType = text.plist.strings; name = ru; path = ru.lproj/InfoPlist.strings; sourceTree = "<group>"; };
		B4BCFE2C20260B72008161EA /* GramCase.swift */ = {isa = PBXFileReference; lastKnownFileType = sourcecode.swift; path = GramCase.swift; sourceTree = "<group>"; };
		B4C35F76202B9AB7000D3CB4 /* Recognizer.swift */ = {isa = PBXFileReference; lastKnownFileType = sourcecode.swift; path = Recognizer.swift; sourceTree = "<group>"; };
		B4C35F79202BA593000D3CB4 /* RealmSwift.framework */ = {isa = PBXFileReference; lastKnownFileType = wrapper.framework; path = RealmSwift.framework; sourceTree = "<group>"; };
		B4C35F7A202BA597000D3CB4 /* Realm.framework */ = {isa = PBXFileReference; lastKnownFileType = wrapper.framework; path = Realm.framework; sourceTree = "<group>"; };
		B4CCEE572026586E0081014A /* CarouselPageViewController.swift */ = {isa = PBXFileReference; lastKnownFileType = sourcecode.swift; path = CarouselPageViewController.swift; sourceTree = "<group>"; };
		B4CCEE5920274F0B0081014A /* Analytics.swift */ = {isa = PBXFileReference; lastKnownFileType = sourcecode.swift; path = Analytics.swift; sourceTree = "<group>"; };
		B4CFCA362027858C00A91B1C /* Base */ = {isa = PBXFileReference; lastKnownFileType = file.storyboard; name = Base; path = Base.lproj/LaunchScreen_ru.storyboard; sourceTree = "<group>"; };
		B4CFCA39202785AD00A91B1C /* Base */ = {isa = PBXFileReference; lastKnownFileType = file.storyboard; name = Base; path = Base.lproj/LaunchScreen_en.storyboard; sourceTree = "<group>"; };
		B4D931B32023A33F0071E283 /* SuccessScreenViewController.swift */ = {isa = PBXFileReference; lastKnownFileType = sourcecode.swift; path = SuccessScreenViewController.swift; sourceTree = "<group>"; };
		B4D931B82024E0BC0071E283 /* Score.swift */ = {isa = PBXFileReference; lastKnownFileType = sourcecode.swift; path = Score.swift; sourceTree = "<group>"; };
		B4D931BD202595F50071E283 /* Images.bundle */ = {isa = PBXFileReference; lastKnownFileType = "wrapper.plug-in"; path = Images.bundle; sourceTree = "<group>"; };
		B4D931BF2025B6690071E283 /* realmodel.mlmodel */ = {isa = PBXFileReference; lastKnownFileType = file.mlmodel; path = realmodel.mlmodel; sourceTree = "<group>"; };
		B4DBE0FD204DC6FC00531AF5 /* StoreKit.framework */ = {isa = PBXFileReference; lastKnownFileType = wrapper.framework; name = StoreKit.framework; path = System/Library/Frameworks/StoreKit.framework; sourceTree = SDKROOT; };
		B4EB79F7204E040E0042571D /* Crashlytics.framework */ = {isa = PBXFileReference; lastKnownFileType = wrapper.framework; path = Crashlytics.framework; sourceTree = SOURCE_ROOT; };
		B4EB79F8204E040E0042571D /* Fabric.framework */ = {isa = PBXFileReference; lastKnownFileType = wrapper.framework; path = Fabric.framework; sourceTree = SOURCE_ROOT; };
		B4EB79FB204E09740042571D /* GoogleService-Info.plist */ = {isa = PBXFileReference; fileEncoding = 4; lastKnownFileType = text.plist.xml; path = "GoogleService-Info.plist"; sourceTree = "<group>"; };
		B977F043DCE51CBA137A8626 /* Pods-htd.debug.xcconfig */ = {isa = PBXFileReference; includeInIndex = 1; lastKnownFileType = text.xcconfig; name = "Pods-htd.debug.xcconfig"; path = "Pods/Target Support Files/Pods-htd/Pods-htd.debug.xcconfig"; sourceTree = "<group>"; };
		C472F0F787E5D6981E0F5C2F /* Pods_htd.framework */ = {isa = PBXFileReference; explicitFileType = wrapper.framework; includeInIndex = 0; path = Pods_htd.framework; sourceTree = BUILT_PRODUCTS_DIR; };
/* End PBXFileReference section */

/* Begin PBXFrameworksBuildPhase section */
		B455A6B4200A6600000247BC /* Frameworks */ = {
			isa = PBXFrameworksBuildPhase;
			buildActionMask = 2147483647;
			files = (
				B4C35F7F202BA6B1000D3CB4 /* Realm.framework in Frameworks */,
				B4C35F81202BA6B1000D3CB4 /* RealmSwift.framework in Frameworks */,
				B4DBE0FE204DC6FC00531AF5 /* StoreKit.framework in Frameworks */,
				B4EB79FA204E040F0042571D /* Fabric.framework in Frameworks */,
				56ACFFAD0797B425BB22D836 /* Pods_htd.framework in Frameworks */,
				B466B5DE205AD9880005F81C /* FBSDKCoreKit.framework in Frameworks */,
				B4C35F7B202BA597000D3CB4 /* RealmSwift.framework in Frameworks */,
				B466B5DC205AD97A0005F81C /* Bolts.framework in Frameworks */,
				B4C35F7C202BA597000D3CB4 /* Realm.framework in Frameworks */,
				B4EB79F9204E040F0042571D /* Crashlytics.framework in Frameworks */,
			);
			runOnlyForDeploymentPostprocessing = 0;
		};
/* End PBXFrameworksBuildPhase section */

/* Begin PBXGroup section */
		905DD50E81EB75789083C0C5 /* Pods */ = {
			isa = PBXGroup;
			children = (
				B977F043DCE51CBA137A8626 /* Pods-htd.debug.xcconfig */,
				53F04AC74C63E30B0182C1EC /* Pods-htd.release.xcconfig */,
			);
			name = Pods;
			sourceTree = "<group>";
		};
		B455A6AE200A6600000247BC = {
			isa = PBXGroup;
			children = (
				B455A6B9200A6600000247BC /* htd */,
				B455A6B8200A6600000247BC /* Products */,
				905DD50E81EB75789083C0C5 /* Pods */,
				FAF056E88BC28D4A50F3700C /* Frameworks */,
			);
			sourceTree = "<group>";
		};
		B455A6B8200A6600000247BC /* Products */ = {
			isa = PBXGroup;
			children = (
				B455A6B7200A6600000247BC /* htd.app */,
			);
			name = Products;
			sourceTree = "<group>";
		};
		B455A6B9200A6600000247BC /* htd */ = {
			isa = PBXGroup;
			children = (
				B458A922204F485F00B3E7B4 /* htd.entitlements */,
				B4EB79FB204E09740042571D /* GoogleService-Info.plist */,
				B4C35F78202BA570000D3CB4 /* Frameworks */,
				B4BCFE2920260AC9008161EA /* Utilities */,
				B4D931B72024E09E0071E283 /* Models */,
				B455A6F5200AB70F000247BC /* Data */,
				B455A6EE200AAE76000247BC /* Components */,
				B455A6D4200AA4E5000247BC /* Assets */,
				B455A6CF200AA21F000247BC /* Screens */,
				B455A6BA200A6600000247BC /* AppDelegate.swift */,
				B455A6BE200A6601000247BC /* Main.storyboard */,
				B4CFCA38202785AD00A91B1C /* LaunchScreen_en.storyboard */,
				B4CFCA352027858C00A91B1C /* LaunchScreen_ru.storyboard */,
				B4BCFE21202609F3008161EA /* Info.plist */,
				B455A6C1200A6601000247BC /* htd.xcdatamodeld */,
			);
			path = htd;
			sourceTree = "<group>";
		};
		B455A6CF200AA21F000247BC /* Screens */ = {
			isa = PBXGroup;
			children = (
				B455A6D0200AA240000247BC /* MainScreenViewController.swift */,
				B455A6F8200B9457000247BC /* DetailsViewController.swift */,
				B468F42D200BC55500C085C5 /* RecognizerViewController.swift */,
				B4D931B32023A33F0071E283 /* SuccessScreenViewController.swift */,
				B47F3B4A20264245007E0B26 /* CarouselViewController.swift */,
				B4CCEE572026586E0081014A /* CarouselPageViewController.swift */,
				B491506C204DE12300268384 /* PaymentScreenViewController.swift */,
			);
			path = Screens;
			sourceTree = "<group>";
		};
		B455A6D4200AA4E5000247BC /* Assets */ = {
			isa = PBXGroup;
			children = (
				B455A6C4200A6601000247BC /* Assets.xcassets */,
				B455A6D5200AA4EA000247BC /* Fonts */,
				B4BCFE2720260A45008161EA /* InfoPlist.strings */,
				B47F3B43202612BF007E0B26 /* Localizable.strings */,
			);
			path = Assets;
			sourceTree = "<group>";
		};
		B455A6D5200AA4EA000247BC /* Fonts */ = {
			isa = PBXGroup;
			children = (
				B455A6D7200AA4FF000247BC /* SF-Pro-Text-Bold.otf */,
				B455A6D6200AA4FF000247BC /* SF-Pro-Text-BoldItalic.otf */,
				B455A6D8200AA500000247BC /* SF-Pro-Text-Heavy.otf */,
				B455A6D9200AA500000247BC /* SF-Pro-Text-HeavyItalic.otf */,
				B455A6DA200AA500000247BC /* SF-Pro-Text-Light.otf */,
				B455A6DB200AA500000247BC /* SF-Pro-Text-LightItalic.otf */,
				B455A6DD200AA501000247BC /* SF-Pro-Text-Medium.otf */,
				B455A6DE200AA501000247BC /* SF-Pro-Text-MediumItalic.otf */,
				B455A6DF200AA501000247BC /* SF-Pro-Text-Regular.otf */,
				B455A6E0200AA501000247BC /* SF-Pro-Text-RegularItalic.otf */,
				B455A6DC200AA500000247BC /* SF-Pro-Text-Semibold.otf */,
				B455A6E1200AA501000247BC /* SF-Pro-Text-SemiboldItalic.otf */,
			);
			path = Fonts;
			sourceTree = "<group>";
		};
		B455A6EE200AAE76000247BC /* Components */ = {
			isa = PBXGroup;
			children = (
				B455A6F1200AAF68000247BC /* LevelsTableViewCell.swift */,
				B468F424200BA0C100C085C5 /* GalleryCollectionViewCell.swift */,
				B4AD7EED20279CB70093EF65 /* MoreCaptionTableViewCell.swift */,
			);
			path = Components;
			sourceTree = "<group>";
		};
		B455A6F5200AB70F000247BC /* Data */ = {
			isa = PBXGroup;
			children = (
				B4D931BF2025B6690071E283 /* realmodel.mlmodel */,
				B4D931BD202595F50071E283 /* Images.bundle */,
				B455A6F6200AB71A000247BC /* Levels.swift */,
				B45CF7842039EA4000901235 /* Levels.strings */,
			);
			path = Data;
			sourceTree = "<group>";
		};
		B4BCFE2920260AC9008161EA /* Utilities */ = {
			isa = PBXGroup;
			children = (
				B4CCEE5920274F0B0081014A /* Analytics.swift */,
				B4BCFE2C20260B72008161EA /* GramCase.swift */,
				B4C35F76202B9AB7000D3CB4 /* Recognizer.swift */,
				B42D4264204C5CB00002175A /* Colorize.swift */,
				B498394D204DC8840080CA37 /* Purchase.swift */,
				B458A91E204F416D00B3E7B4 /* htd-Bridging-Header.h */,
				B458A91F204F416D00B3E7B4 /* GA.h */,
				B458A920204F416D00B3E7B4 /* GA.m */,
				B466B5DF205ADA2F0005F81C /* FB.h */,
				B466B5E0205ADA2F0005F81C /* FB.m */,
			);
			path = Utilities;
			sourceTree = "<group>";
		};
		B4C35F78202BA570000D3CB4 /* Frameworks */ = {
			isa = PBXGroup;
			children = (
				B466B5DD205AD9880005F81C /* FBSDKCoreKit.framework */,
				B466B5DB205AD97A0005F81C /* Bolts.framework */,
				B4EB79F7204E040E0042571D /* Crashlytics.framework */,
				B4EB79F8204E040E0042571D /* Fabric.framework */,
				B4C35F7A202BA597000D3CB4 /* Realm.framework */,
				B4C35F79202BA593000D3CB4 /* RealmSwift.framework */,
			);
			path = Frameworks;
			sourceTree = "<group>";
		};
		B4D931B72024E09E0071E283 /* Models */ = {
			isa = PBXGroup;
			children = (
				B455A6F3200AB5F2000247BC /* Level.swift */,
				B4D931B82024E0BC0071E283 /* Score.swift */,
				B45CF7862039F87B00901235 /* Stage.swift */,
			);
			path = Models;
			sourceTree = "<group>";
		};
		FAF056E88BC28D4A50F3700C /* Frameworks */ = {
			isa = PBXGroup;
			children = (
				B4DBE0FD204DC6FC00531AF5 /* StoreKit.framework */,
				C472F0F787E5D6981E0F5C2F /* Pods_htd.framework */,
			);
			name = Frameworks;
			sourceTree = "<group>";
		};
/* End PBXGroup section */

/* Begin PBXNativeTarget section */
		B455A6B6200A6600000247BC /* htd */ = {
			isa = PBXNativeTarget;
			buildConfigurationList = B455A6CC200A6601000247BC /* Build configuration list for PBXNativeTarget "htd" */;
			buildPhases = (
				84C44987E068C06156A0B8D1 /* [CP] Check Pods Manifest.lock */,
				B455A6B3200A6600000247BC /* Sources */,
				B455A6B4200A6600000247BC /* Frameworks */,
				B455A6B5200A6600000247BC /* Resources */,
				155C425DA13602AFB25A15DE /* [CP] Embed Pods Frameworks */,
				CD00F7CA83905041C6AADEC0 /* [CP] Copy Pods Resources */,
				B4C35F83202BA6B1000D3CB4 /* Embed Frameworks */,
				B4C35F84202BA6D5000D3CB4 /* Run Realm */,
				B4EB79F6204E03E80042571D /* ShellScript */,
			);
			buildRules = (
			);
			dependencies = (
			);
			name = htd;
			productName = htd;
			productReference = B455A6B7200A6600000247BC /* htd.app */;
			productType = "com.apple.product-type.application";
		};
/* End PBXNativeTarget section */

/* Begin PBXProject section */
		B455A6AF200A6600000247BC /* Project object */ = {
			isa = PBXProject;
			attributes = {
				LastSwiftUpdateCheck = 0920;
				LastUpgradeCheck = 0920;
				ORGANIZATIONNAME = "Alexey Landyrev";
				TargetAttributes = {
					B455A6B6200A6600000247BC = {
						CreatedOnToolsVersion = 9.2;
						LastSwiftMigration = 0920;
						ProvisioningStyle = Automatic;
						SystemCapabilities = {
							com.apple.InAppPurchase = {
								enabled = 1;
							};
							com.apple.SafariKeychain = {
								enabled = 1;
							};
						};
					};
				};
			};
			buildConfigurationList = B455A6B2200A6600000247BC /* Build configuration list for PBXProject "htd" */;
			compatibilityVersion = "Xcode 8.0";
			developmentRegion = en;
			hasScannedForEncodings = 0;
			knownRegions = (
				en,
				Base,
				ru,
			);
			mainGroup = B455A6AE200A6600000247BC;
			productRefGroup = B455A6B8200A6600000247BC /* Products */;
			projectDirPath = "";
			projectRoot = "";
			targets = (
				B455A6B6200A6600000247BC /* htd */,
			);
		};
/* End PBXProject section */

/* Begin PBXResourcesBuildPhase section */
		B455A6B5200A6600000247BC /* Resources */ = {
			isa = PBXResourcesBuildPhase;
			buildActionMask = 2147483647;
			files = (
				B455A6EA200AA502000247BC /* SF-Pro-Text-MediumItalic.otf in Resources */,
				B455A6E7200AA502000247BC /* SF-Pro-Text-LightItalic.otf in Resources */,
				B455A6E8200AA502000247BC /* SF-Pro-Text-Semibold.otf in Resources */,
				B455A6ED200AA502000247BC /* SF-Pro-Text-SemiboldItalic.otf in Resources */,
				B47F3B41202612BF007E0B26 /* Localizable.strings in Resources */,
				B455A6EC200AA502000247BC /* SF-Pro-Text-RegularItalic.otf in Resources */,
				B4CFCA372027858D00A91B1C /* LaunchScreen_ru.storyboard in Resources */,
				B455A6E4200AA502000247BC /* SF-Pro-Text-Heavy.otf in Resources */,
				B4BCFE2520260A45008161EA /* InfoPlist.strings in Resources */,
				B455A6E6200AA502000247BC /* SF-Pro-Text-Light.otf in Resources */,
				B455A6E9200AA502000247BC /* SF-Pro-Text-Medium.otf in Resources */,
				B455A6E3200AA502000247BC /* SF-Pro-Text-Bold.otf in Resources */,
				B4BCFE22202609F4008161EA /* Info.plist in Resources */,
				B45CF7822039EA4000901235 /* Levels.strings in Resources */,
				B455A6C5200A6601000247BC /* Assets.xcassets in Resources */,
				B4CFCA3A202785AD00A91B1C /* LaunchScreen_en.storyboard in Resources */,
				B4D931BE202595F50071E283 /* Images.bundle in Resources */,
				B455A6EB200AA502000247BC /* SF-Pro-Text-Regular.otf in Resources */,
				B455A6E5200AA502000247BC /* SF-Pro-Text-HeavyItalic.otf in Resources */,
				B4EB79FC204E09750042571D /* GoogleService-Info.plist in Resources */,
				B455A6E2200AA502000247BC /* SF-Pro-Text-BoldItalic.otf in Resources */,
				B455A6C0200A6601000247BC /* Main.storyboard in Resources */,
			);
			runOnlyForDeploymentPostprocessing = 0;
		};
/* End PBXResourcesBuildPhase section */

/* Begin PBXShellScriptBuildPhase section */
		155C425DA13602AFB25A15DE /* [CP] Embed Pods Frameworks */ = {
			isa = PBXShellScriptBuildPhase;
			buildActionMask = 2147483647;
			files = (
			);
			inputPaths = (
				"${SRCROOT}/Pods/Target Support Files/Pods-htd/Pods-htd-frameworks.sh",
				"${BUILT_PRODUCTS_DIR}/GoogleToolboxForMac/GoogleToolboxForMac.framework",
				"${BUILT_PRODUCTS_DIR}/SwiftyStoreKit/SwiftyStoreKit.framework",
				"${BUILT_PRODUCTS_DIR}/Yams/Yams.framework",
			);
			name = "[CP] Embed Pods Frameworks";
			outputPaths = (
				"${TARGET_BUILD_DIR}/${FRAMEWORKS_FOLDER_PATH}/GoogleToolboxForMac.framework",
				"${TARGET_BUILD_DIR}/${FRAMEWORKS_FOLDER_PATH}/SwiftyStoreKit.framework",
				"${TARGET_BUILD_DIR}/${FRAMEWORKS_FOLDER_PATH}/Yams.framework",
			);
			runOnlyForDeploymentPostprocessing = 0;
			shellPath = /bin/sh;
			shellScript = "\"${SRCROOT}/Pods/Target Support Files/Pods-htd/Pods-htd-frameworks.sh\"\n";
			showEnvVarsInLog = 0;
		};
		84C44987E068C06156A0B8D1 /* [CP] Check Pods Manifest.lock */ = {
			isa = PBXShellScriptBuildPhase;
			buildActionMask = 2147483647;
			files = (
			);
			inputPaths = (
				"${PODS_PODFILE_DIR_PATH}/Podfile.lock",
				"${PODS_ROOT}/Manifest.lock",
			);
			name = "[CP] Check Pods Manifest.lock";
			outputPaths = (
				"$(DERIVED_FILE_DIR)/Pods-htd-checkManifestLockResult.txt",
			);
			runOnlyForDeploymentPostprocessing = 0;
			shellPath = /bin/sh;
			shellScript = "diff \"${PODS_PODFILE_DIR_PATH}/Podfile.lock\" \"${PODS_ROOT}/Manifest.lock\" > /dev/null\nif [ $? != 0 ] ; then\n    # print error to STDERR\n    echo \"error: The sandbox is not in sync with the Podfile.lock. Run 'pod install' or update your CocoaPods installation.\" >&2\n    exit 1\nfi\n# This output is used by Xcode 'outputs' to avoid re-running this script phase.\necho \"SUCCESS\" > \"${SCRIPT_OUTPUT_FILE_0}\"\n";
			showEnvVarsInLog = 0;
		};
		B4C35F84202BA6D5000D3CB4 /* Run Realm */ = {
			isa = PBXShellScriptBuildPhase;
			buildActionMask = 2147483647;
			files = (
			);
			inputPaths = (
			);
			name = "Run Realm";
			outputPaths = (
			);
			runOnlyForDeploymentPostprocessing = 0;
			shellPath = /bin/sh;
			shellScript = "bash \"${BUILT_PRODUCTS_DIR}/${FRAMEWORKS_FOLDER_PATH}/Realm.framework/strip-frameworks.sh\"";
		};
		B4EB79F6204E03E80042571D /* ShellScript */ = {
			isa = PBXShellScriptBuildPhase;
			buildActionMask = 2147483647;
			files = (
			);
			inputPaths = (
			);
			outputPaths = (
			);
			runOnlyForDeploymentPostprocessing = 0;
			shellPath = /bin/sh;
			shellScript = "./Fabric.framework/run 70d5eb5247a716c96d278bedd9df4467e781e148 24b38e999fd52a9cae7b1b4e1d58f928605f9bf0f0bdb1d7ee7aa2953bc58482";
		};
		CD00F7CA83905041C6AADEC0 /* [CP] Copy Pods Resources */ = {
			isa = PBXShellScriptBuildPhase;
			buildActionMask = 2147483647;
			files = (
			);
			inputPaths = (
			);
			name = "[CP] Copy Pods Resources";
			outputPaths = (
			);
			runOnlyForDeploymentPostprocessing = 0;
			shellPath = /bin/sh;
			shellScript = "\"${SRCROOT}/Pods/Target Support Files/Pods-htd/Pods-htd-resources.sh\"\n";
			showEnvVarsInLog = 0;
		};
/* End PBXShellScriptBuildPhase section */

/* Begin PBXSourcesBuildPhase section */
		B455A6B3200A6600000247BC /* Sources */ = {
			isa = PBXSourcesBuildPhase;
			buildActionMask = 2147483647;
			files = (
				B455A6F7200AB71A000247BC /* Levels.swift in Sources */,
				B4AD7EEE20279CB70093EF65 /* MoreCaptionTableViewCell.swift in Sources */,
				B468F425200BA0C100C085C5 /* GalleryCollectionViewCell.swift in Sources */,
				B4CCEE5A20274F0C0081014A /* Analytics.swift in Sources */,
				B455A6D1200AA240000247BC /* MainScreenViewController.swift in Sources */,
				B4D931B92024E0BC0071E283 /* Score.swift in Sources */,
				B458A921204F416D00B3E7B4 /* GA.m in Sources */,
				B466B5E1205ADA2F0005F81C /* FB.m in Sources */,
				B4CCEE582026586E0081014A /* CarouselPageViewController.swift in Sources */,
				B4D931C02025B6690071E283 /* realmodel.mlmodel in Sources */,
				B42D4265204C5CB00002175A /* Colorize.swift in Sources */,
				B45CF7872039F87B00901235 /* Stage.swift in Sources */,
				B468F42E200BC55500C085C5 /* RecognizerViewController.swift in Sources */,
				B455A6C3200A6601000247BC /* htd.xcdatamodeld in Sources */,
				B455A6F2200AAF68000247BC /* LevelsTableViewCell.swift in Sources */,
				B47F3B4B20264245007E0B26 /* CarouselViewController.swift in Sources */,
				B4D931B42023A33F0071E283 /* SuccessScreenViewController.swift in Sources */,
				B455A6F9200B9457000247BC /* DetailsViewController.swift in Sources */,
				B4BCFE2D20260B72008161EA /* GramCase.swift in Sources */,
				B4C35F77202B9AB7000D3CB4 /* Recognizer.swift in Sources */,
				B455A6F4200AB5F2000247BC /* Level.swift in Sources */,
				B455A6BB200A6600000247BC /* AppDelegate.swift in Sources */,
				B498394E204DC8840080CA37 /* Purchase.swift in Sources */,
				B491506D204DE12300268384 /* PaymentScreenViewController.swift in Sources */,
			);
			runOnlyForDeploymentPostprocessing = 0;
		};
/* End PBXSourcesBuildPhase section */

/* Begin PBXVariantGroup section */
		B455A6BE200A6601000247BC /* Main.storyboard */ = {
			isa = PBXVariantGroup;
			children = (
				B455A6BF200A6601000247BC /* Base */,
			);
			name = Main.storyboard;
			sourceTree = "<group>";
		};
		B45CF7842039EA4000901235 /* Levels.strings */ = {
			isa = PBXVariantGroup;
			children = (
				B45CF7832039EA4000901235 /* en */,
				B45CF7852039EA4200901235 /* ru */,
			);
			name = Levels.strings;
			sourceTree = "<group>";
		};
		B47F3B43202612BF007E0B26 /* Localizable.strings */ = {
			isa = PBXVariantGroup;
			children = (
				B47F3B42202612BF007E0B26 /* en */,
				B47F3B44202612C1007E0B26 /* ru */,
			);
			name = Localizable.strings;
			sourceTree = "<group>";
		};
		B4BCFE2720260A45008161EA /* InfoPlist.strings */ = {
			isa = PBXVariantGroup;
			children = (
				B4BCFE2620260A45008161EA /* en */,
				B4BCFE2820260A46008161EA /* ru */,
				B44E4F8E202982660062CEC5 /* Base */,
			);
			name = InfoPlist.strings;
			sourceTree = "<group>";
		};
		B4CFCA352027858C00A91B1C /* LaunchScreen_ru.storyboard */ = {
			isa = PBXVariantGroup;
			children = (
				B4CFCA362027858C00A91B1C /* Base */,
			);
			name = LaunchScreen_ru.storyboard;
			sourceTree = "<group>";
		};
		B4CFCA38202785AD00A91B1C /* LaunchScreen_en.storyboard */ = {
			isa = PBXVariantGroup;
			children = (
				B4CFCA39202785AD00A91B1C /* Base */,
			);
			name = LaunchScreen_en.storyboard;
			sourceTree = "<group>";
		};
/* End PBXVariantGroup section */

/* Begin XCBuildConfiguration section */
		B455A6CA200A6601000247BC /* Debug */ = {
			isa = XCBuildConfiguration;
			buildSettings = {
				ALWAYS_SEARCH_USER_PATHS = NO;
				CLANG_ANALYZER_LOCALIZABILITY_NONLOCALIZED = YES;
				CLANG_ANALYZER_NONNULL = YES;
				CLANG_ANALYZER_NUMBER_OBJECT_CONVERSION = YES_AGGRESSIVE;
				CLANG_CXX_LANGUAGE_STANDARD = "gnu++14";
				CLANG_CXX_LIBRARY = "libc++";
				CLANG_ENABLE_MODULES = YES;
				CLANG_ENABLE_OBJC_ARC = YES;
				CLANG_WARN_BLOCK_CAPTURE_AUTORELEASING = YES;
				CLANG_WARN_BOOL_CONVERSION = YES;
				CLANG_WARN_COMMA = YES;
				CLANG_WARN_CONSTANT_CONVERSION = YES;
				CLANG_WARN_DIRECT_OBJC_ISA_USAGE = YES_ERROR;
				CLANG_WARN_DOCUMENTATION_COMMENTS = YES;
				CLANG_WARN_EMPTY_BODY = YES;
				CLANG_WARN_ENUM_CONVERSION = YES;
				CLANG_WARN_INFINITE_RECURSION = YES;
				CLANG_WARN_INT_CONVERSION = YES;
				CLANG_WARN_NON_LITERAL_NULL_CONVERSION = YES;
				CLANG_WARN_OBJC_LITERAL_CONVERSION = YES;
				CLANG_WARN_OBJC_ROOT_CLASS = YES_ERROR;
				CLANG_WARN_RANGE_LOOP_ANALYSIS = YES;
				CLANG_WARN_STRICT_PROTOTYPES = YES;
				CLANG_WARN_SUSPICIOUS_MOVE = YES;
				CLANG_WARN_UNGUARDED_AVAILABILITY = YES_AGGRESSIVE;
				CLANG_WARN_UNREACHABLE_CODE = YES;
				CLANG_WARN__DUPLICATE_METHOD_MATCH = YES;
				CODE_SIGN_IDENTITY = "iPhone Developer";
				COPY_PHASE_STRIP = NO;
				DEBUG_INFORMATION_FORMAT = dwarf;
				ENABLE_STRICT_OBJC_MSGSEND = YES;
				ENABLE_TESTABILITY = YES;
				GCC_C_LANGUAGE_STANDARD = gnu11;
				GCC_DYNAMIC_NO_PIC = NO;
				GCC_NO_COMMON_BLOCKS = YES;
				GCC_OPTIMIZATION_LEVEL = 0;
				GCC_PREPROCESSOR_DEFINITIONS = (
					"DEBUG=1",
					"$(inherited)",
				);
				GCC_WARN_64_TO_32_BIT_CONVERSION = YES;
				GCC_WARN_ABOUT_RETURN_TYPE = YES_ERROR;
				GCC_WARN_UNDECLARED_SELECTOR = YES;
				GCC_WARN_UNINITIALIZED_AUTOS = YES_AGGRESSIVE;
				GCC_WARN_UNUSED_FUNCTION = YES;
				GCC_WARN_UNUSED_VARIABLE = YES;
				IPHONEOS_DEPLOYMENT_TARGET = 11.0;
				MTL_ENABLE_DEBUG_INFO = YES;
				ONLY_ACTIVE_ARCH = YES;
				SDKROOT = iphoneos;
				SWIFT_ACTIVE_COMPILATION_CONDITIONS = DEBUG;
				SWIFT_OPTIMIZATION_LEVEL = "-Onone";
			};
			name = Debug;
		};
		B455A6CB200A6601000247BC /* Release */ = {
			isa = XCBuildConfiguration;
			buildSettings = {
				ALWAYS_SEARCH_USER_PATHS = NO;
				CLANG_ANALYZER_LOCALIZABILITY_NONLOCALIZED = YES;
				CLANG_ANALYZER_NONNULL = YES;
				CLANG_ANALYZER_NUMBER_OBJECT_CONVERSION = YES_AGGRESSIVE;
				CLANG_CXX_LANGUAGE_STANDARD = "gnu++14";
				CLANG_CXX_LIBRARY = "libc++";
				CLANG_ENABLE_MODULES = YES;
				CLANG_ENABLE_OBJC_ARC = YES;
				CLANG_WARN_BLOCK_CAPTURE_AUTORELEASING = YES;
				CLANG_WARN_BOOL_CONVERSION = YES;
				CLANG_WARN_COMMA = YES;
				CLANG_WARN_CONSTANT_CONVERSION = YES;
				CLANG_WARN_DIRECT_OBJC_ISA_USAGE = YES_ERROR;
				CLANG_WARN_DOCUMENTATION_COMMENTS = YES;
				CLANG_WARN_EMPTY_BODY = YES;
				CLANG_WARN_ENUM_CONVERSION = YES;
				CLANG_WARN_INFINITE_RECURSION = YES;
				CLANG_WARN_INT_CONVERSION = YES;
				CLANG_WARN_NON_LITERAL_NULL_CONVERSION = YES;
				CLANG_WARN_OBJC_LITERAL_CONVERSION = YES;
				CLANG_WARN_OBJC_ROOT_CLASS = YES_ERROR;
				CLANG_WARN_RANGE_LOOP_ANALYSIS = YES;
				CLANG_WARN_STRICT_PROTOTYPES = YES;
				CLANG_WARN_SUSPICIOUS_MOVE = YES;
				CLANG_WARN_UNGUARDED_AVAILABILITY = YES_AGGRESSIVE;
				CLANG_WARN_UNREACHABLE_CODE = YES;
				CLANG_WARN__DUPLICATE_METHOD_MATCH = YES;
				CODE_SIGN_IDENTITY = "iPhone Developer";
				COPY_PHASE_STRIP = NO;
				DEBUG_INFORMATION_FORMAT = "dwarf-with-dsym";
				ENABLE_NS_ASSERTIONS = NO;
				ENABLE_STRICT_OBJC_MSGSEND = YES;
				GCC_C_LANGUAGE_STANDARD = gnu11;
				GCC_NO_COMMON_BLOCKS = YES;
				GCC_WARN_64_TO_32_BIT_CONVERSION = YES;
				GCC_WARN_ABOUT_RETURN_TYPE = YES_ERROR;
				GCC_WARN_UNDECLARED_SELECTOR = YES;
				GCC_WARN_UNINITIALIZED_AUTOS = YES_AGGRESSIVE;
				GCC_WARN_UNUSED_FUNCTION = YES;
				GCC_WARN_UNUSED_VARIABLE = YES;
				IPHONEOS_DEPLOYMENT_TARGET = 11.0;
				MTL_ENABLE_DEBUG_INFO = NO;
				SDKROOT = iphoneos;
				SWIFT_OPTIMIZATION_LEVEL = "-Owholemodule";
				VALIDATE_PRODUCT = YES;
			};
			name = Release;
		};
		B455A6CD200A6601000247BC /* Debug */ = {
			isa = XCBuildConfiguration;
			baseConfigurationReference = B977F043DCE51CBA137A8626 /* Pods-htd.debug.xcconfig */;
			buildSettings = {
				ASSETCATALOG_COMPILER_APPICON_NAME = AppIcon;
				CLANG_ENABLE_MODULES = YES;
				CODE_SIGN_ENTITLEMENTS = htd/htd.entitlements;
				"CODE_SIGN_IDENTITY[sdk=iphoneos*]" = "iPhone Developer";
				CODE_SIGN_STYLE = Automatic;
				DEBUG_INFORMATION_FORMAT = "dwarf-with-dsym";
				DEVELOPMENT_TEAM = 6UB9STX7MH;
				FRAMEWORK_SEARCH_PATHS = (
					"$(inherited)",
					"$(PROJECT_DIR)",
					"$(PROJECT_DIR)/htd/Frameworks",
				);
				INFOPLIST_FILE = htd/Info.plist;
				LD_RUNPATH_SEARCH_PATHS = "$(inherited) @executable_path/Frameworks";
				"OTHER_SWIFT_FLAGS[arch=*]" = "$(inherited) \"-D\" \"IOS_DEBUG\"";
				"OTHER_SWIFT_FLAGS[sdk=iphonesimulator*]" = "$(inherited) \"-D\" \"IOS_SIMULATOR\"";
				PRODUCT_BUNDLE_IDENTIFIER = landyrev.htd;
				PRODUCT_NAME = "$(TARGET_NAME)";
				PROVISIONING_PROFILE = "";
				PROVISIONING_PROFILE_SPECIFIER = "";
				SWIFT_OBJC_BRIDGING_HEADER = "htd/Utilities/htd-Bridging-Header.h";
				SWIFT_OPTIMIZATION_LEVEL = "-Onone";
				SWIFT_VERSION = 4.0;
				TARGETED_DEVICE_FAMILY = 1;
			};
			name = Debug;
		};
		B455A6CE200A6601000247BC /* Release */ = {
			isa = XCBuildConfiguration;
			baseConfigurationReference = 53F04AC74C63E30B0182C1EC /* Pods-htd.release.xcconfig */;
			buildSettings = {
				ASSETCATALOG_COMPILER_APPICON_NAME = AppIcon;
				CLANG_ENABLE_MODULES = YES;
				CODE_SIGN_ENTITLEMENTS = htd/htd.entitlements;
				"CODE_SIGN_IDENTITY[sdk=iphoneos*]" = "iPhone Developer";
				CODE_SIGN_STYLE = Automatic;
				DEVELOPMENT_TEAM = 6UB9STX7MH;
				FRAMEWORK_SEARCH_PATHS = (
					"$(inherited)",
					"$(PROJECT_DIR)",
					"$(PROJECT_DIR)/htd/Frameworks",
				);
				INFOPLIST_FILE = htd/Info.plist;
				LD_RUNPATH_SEARCH_PATHS = "$(inherited) @executable_path/Frameworks";
				"OTHER_SWIFT_FLAGS[sdk=iphonesimulator*]" = "$(inherited) \"-D\" \"IOS_SIMULATOR\"";
				PRODUCT_BUNDLE_IDENTIFIER = landyrev.htd;
				PRODUCT_NAME = "$(TARGET_NAME)";
				PROVISIONING_PROFILE = "";
				PROVISIONING_PROFILE_SPECIFIER = "";
				SWIFT_OBJC_BRIDGING_HEADER = "htd/Utilities/htd-Bridging-Header.h";
				SWIFT_VERSION = 4.0;
				TARGETED_DEVICE_FAMILY = 1;
			};
			name = Release;
		};
/* End XCBuildConfiguration section */

/* Begin XCConfigurationList section */
		B455A6B2200A6600000247BC /* Build configuration list for PBXProject "htd" */ = {
			isa = XCConfigurationList;
			buildConfigurations = (
				B455A6CA200A6601000247BC /* Debug */,
				B455A6CB200A6601000247BC /* Release */,
			);
			defaultConfigurationIsVisible = 0;
			defaultConfigurationName = Release;
		};
		B455A6CC200A6601000247BC /* Build configuration list for PBXNativeTarget "htd" */ = {
			isa = XCConfigurationList;
			buildConfigurations = (
				B455A6CD200A6601000247BC /* Debug */,
				B455A6CE200A6601000247BC /* Release */,
			);
			defaultConfigurationIsVisible = 0;
			defaultConfigurationName = Release;
		};
/* End XCConfigurationList section */

/* Begin XCVersionGroup section */
		B455A6C1200A6601000247BC /* htd.xcdatamodeld */ = {
			isa = XCVersionGroup;
			children = (
				B455A6C2200A6601000247BC /* htd.xcdatamodel */,
			);
			currentVersion = B455A6C2200A6601000247BC /* htd.xcdatamodel */;
			path = htd.xcdatamodeld;
			sourceTree = "<group>";
			versionGroupType = wrapper.xcdatamodel;
		};
/* End XCVersionGroup section */
	};
	rootObject = B455A6AF200A6600000247BC /* Project object */;
}
