// !$*UTF8*$!
{
	archiveVersion = 1;
	classes = {
	};
	objectVersion = 53;
	objects = {

/* Begin PBXBuildFile section */
		2E1495AB92BCC5B9C7224789 /* Pods_htd.framework in Frameworks */ = {isa = PBXBuildFile; fileRef = B2D25598B40F8461ADBBE5B5 /* Pods_htd.framework */; };
		B4031A562078F84100C83EC0 /* UserInfo.swift in Sources */ = {isa = PBXBuildFile; fileRef = B4031A552078F84100C83EC0 /* UserInfo.swift */; };
		B411263020BAF40400CC86A9 /* realmodel.mlmodel in Sources */ = {isa = PBXBuildFile; fileRef = B411262F20BAF40400CC86A9 /* realmodel.mlmodel */; };
		B411263220BB008C00CC86A9 /* FirstImageViewController.swift in Sources */ = {isa = PBXBuildFile; fileRef = B411263120BB008C00CC86A9 /* FirstImageViewController.swift */; };
		B411665F20BA074A004DEB81 /* NavigationViewController.swift in Sources */ = {isa = PBXBuildFile; fileRef = B411665E20BA074A004DEB81 /* NavigationViewController.swift */; };
		B411666120BA970E004DEB81 /* TutorialFirstViewController.swift in Sources */ = {isa = PBXBuildFile; fileRef = B411666020BA970E004DEB81 /* TutorialFirstViewController.swift */; };
		B411666320BA9EBF004DEB81 /* TutorialSecondViewController.swift in Sources */ = {isa = PBXBuildFile; fileRef = B411666220BA9EBF004DEB81 /* TutorialSecondViewController.swift */; };
		B42D4265204C5CB00002175A /* Colorize.swift in Sources */ = {isa = PBXBuildFile; fileRef = B42D4264204C5CB00002175A /* Colorize.swift */; };
		B455A6BB200A6600000247BC /* AppDelegate.swift in Sources */ = {isa = PBXBuildFile; fileRef = B455A6BA200A6600000247BC /* AppDelegate.swift */; };
		B455A6C0200A6601000247BC /* Main.storyboard in Resources */ = {isa = PBXBuildFile; fileRef = B455A6BE200A6601000247BC /* Main.storyboard */; };
		B455A6C3200A6601000247BC /* htd.xcdatamodeld in Sources */ = {isa = PBXBuildFile; fileRef = B455A6C1200A6601000247BC /* htd.xcdatamodeld */; };
		B455A6C5200A6601000247BC /* Assets.xcassets in Resources */ = {isa = PBXBuildFile; fileRef = B455A6C4200A6601000247BC /* Assets.xcassets */; };
		B455A6D1200AA240000247BC /* MainScreenViewController.swift in Sources */ = {isa = PBXBuildFile; fileRef = B455A6D0200AA240000247BC /* MainScreenViewController.swift */; };
		B455A6E2200AA502000247BC /* SF-Pro-Text-BoldItalic.otf in Resources */ = {isa = PBXBuildFile; fileRef = B455A6D6200AA4FF000247BC /* SF-Pro-Text-BoldItalic.otf */; };
		B455A6E3200AA502000247BC /* SF-Pro-Text-Bold.otf in Resources */ = {isa = PBXBuildFile; fileRef = B455A6D7200AA4FF000247BC /* SF-Pro-Text-Bold.otf */; };
		B455A6E4200AA502000247BC /* SF-Pro-Text-Heavy.otf in Resources */ = {isa = PBXBuildFile; fileRef = B455A6D8200AA500000247BC /* SF-Pro-Text-Heavy.otf */; };
		B455A6E5200AA502000247BC /* SF-Pro-Text-HeavyItalic.otf in Resources */ = {isa = PBXBuildFile; fileRef = B455A6D9200AA500000247BC /* SF-Pro-Text-HeavyItalic.otf */; };
		B455A6E6200AA502000247BC /* SF-Pro-Text-Light.otf in Resources */ = {isa = PBXBuildFile; fileRef = B455A6DA200AA500000247BC /* SF-Pro-Text-Light.otf */; };
		B455A6E7200AA502000247BC /* SF-Pro-Text-LightItalic.otf in Resources */ = {isa = PBXBuildFile; fileRef = B455A6DB200AA500000247BC /* SF-Pro-Text-LightItalic.otf */; };
		B455A6E8200AA502000247BC /* SF-Pro-Text-Semibold.otf in Resources */ = {isa = PBXBuildFile; fileRef = B455A6DC200AA500000247BC /* SF-Pro-Text-Semibold.otf */; };
		B455A6E9200AA502000247BC /* SF-Pro-Text-Medium.otf in Resources */ = {isa = PBXBuildFile; fileRef = B455A6DD200AA501000247BC /* SF-Pro-Text-Medium.otf */; };
		B455A6EA200AA502000247BC /* SF-Pro-Text-MediumItalic.otf in Resources */ = {isa = PBXBuildFile; fileRef = B455A6DE200AA501000247BC /* SF-Pro-Text-MediumItalic.otf */; };
		B455A6EB200AA502000247BC /* SF-Pro-Text-Regular.otf in Resources */ = {isa = PBXBuildFile; fileRef = B455A6DF200AA501000247BC /* SF-Pro-Text-Regular.otf */; };
		B455A6EC200AA502000247BC /* SF-Pro-Text-RegularItalic.otf in Resources */ = {isa = PBXBuildFile; fileRef = B455A6E0200AA501000247BC /* SF-Pro-Text-RegularItalic.otf */; };
		B455A6ED200AA502000247BC /* SF-Pro-Text-SemiboldItalic.otf in Resources */ = {isa = PBXBuildFile; fileRef = B455A6E1200AA501000247BC /* SF-Pro-Text-SemiboldItalic.otf */; };
		B455A6F2200AAF68000247BC /* LevelsTableViewCell.swift in Sources */ = {isa = PBXBuildFile; fileRef = B455A6F1200AAF68000247BC /* LevelsTableViewCell.swift */; };
		B455A6F4200AB5F2000247BC /* Level.swift in Sources */ = {isa = PBXBuildFile; fileRef = B455A6F3200AB5F2000247BC /* Level.swift */; };
		B455A6F7200AB71A000247BC /* Levels.swift in Sources */ = {isa = PBXBuildFile; fileRef = B455A6F6200AB71A000247BC /* Levels.swift */; };
		B455A6F9200B9457000247BC /* DetailsViewController.swift in Sources */ = {isa = PBXBuildFile; fileRef = B455A6F8200B9457000247BC /* DetailsViewController.swift */; };
		B45CF7822039EA4000901235 /* Levels.strings in Resources */ = {isa = PBXBuildFile; fileRef = B45CF7842039EA4000901235 /* Levels.strings */; };
		B45CF7872039F87B00901235 /* Stage.swift in Sources */ = {isa = PBXBuildFile; fileRef = B45CF7862039F87B00901235 /* Stage.swift */; };
		B468F425200BA0C100C085C5 /* GalleryCollectionViewCell.swift in Sources */ = {isa = PBXBuildFile; fileRef = B468F424200BA0C100C085C5 /* GalleryCollectionViewCell.swift */; };
		B468F42E200BC55500C085C5 /* RecognizerViewController.swift in Sources */ = {isa = PBXBuildFile; fileRef = B468F42D200BC55500C085C5 /* RecognizerViewController.swift */; };
		B46934A02A191FED00F00FBA /* iAd.framework in Frameworks */ = {isa = PBXBuildFile; fileRef = B469349F2A191FED00F00FBA /* iAd.framework */; };
		B47F3B41202612BF007E0B26 /* Localizable.strings in Resources */ = {isa = PBXBuildFile; fileRef = B47F3B43202612BF007E0B26 /* Localizable.strings */; };
		B47F3B4B20264245007E0B26 /* CarouselViewController.swift in Sources */ = {isa = PBXBuildFile; fileRef = B47F3B4A20264245007E0B26 /* CarouselViewController.swift */; };
		B491506D204DE12300268384 /* PaymentScreenViewController.swift in Sources */ = {isa = PBXBuildFile; fileRef = B491506C204DE12300268384 /* PaymentScreenViewController.swift */; };
		B497E04920B9B2090081346E /* TutorialPhoneViewController.swift in Sources */ = {isa = PBXBuildFile; fileRef = B497E04820B9B2090081346E /* TutorialPhoneViewController.swift */; };
		B498394E204DC8840080CA37 /* Purchase.swift in Sources */ = {isa = PBXBuildFile; fileRef = B498394D204DC8840080CA37 /* Purchase.swift */; };
		B4AD7EEE20279CB70093EF65 /* MoreCaptionTableViewCell.swift in Sources */ = {isa = PBXBuildFile; fileRef = B4AD7EED20279CB70093EF65 /* MoreCaptionTableViewCell.swift */; };
		B4BCFE2520260A45008161EA /* InfoPlist.strings in Resources */ = {isa = PBXBuildFile; fileRef = B4BCFE2720260A45008161EA /* InfoPlist.strings */; };
		B4BCFE2D20260B72008161EA /* GramCase.swift in Sources */ = {isa = PBXBuildFile; fileRef = B4BCFE2C20260B72008161EA /* GramCase.swift */; };
		B4C35F77202B9AB7000D3CB4 /* Recognizer.swift in Sources */ = {isa = PBXBuildFile; fileRef = B4C35F76202B9AB7000D3CB4 /* Recognizer.swift */; };
		B4CBF4572A19053F00FE5E25 /* AdSupport.framework in Frameworks */ = {isa = PBXBuildFile; fileRef = B4CBF4562A19053F00FE5E25 /* AdSupport.framework */; };
		B4CBF4592A19054600FE5E25 /* AdServices.framework in Frameworks */ = {isa = PBXBuildFile; fileRef = B4CBF4582A19054600FE5E25 /* AdServices.framework */; };
		B4CBF45B2A19054F00FE5E25 /* AppTrackingTransparency.framework in Frameworks */ = {isa = PBXBuildFile; fileRef = B4CBF45A2A19054F00FE5E25 /* AppTrackingTransparency.framework */; };
		B4CBF45D2A19055700FE5E25 /* WebKit.framework in Frameworks */ = {isa = PBXBuildFile; fileRef = B4CBF45C2A19055700FE5E25 /* WebKit.framework */; };
		B4CBF45F2A19148F00FE5E25 /* BannerView.swift in Sources */ = {isa = PBXBuildFile; fileRef = B4CBF45E2A19148F00FE5E25 /* BannerView.swift */; };
		B4CCEE582026586E0081014A /* CarouselPageViewController.swift in Sources */ = {isa = PBXBuildFile; fileRef = B4CCEE572026586E0081014A /* CarouselPageViewController.swift */; };
		B4CCEE5A20274F0C0081014A /* Analytics.swift in Sources */ = {isa = PBXBuildFile; fileRef = B4CCEE5920274F0B0081014A /* Analytics.swift */; };
		B4CFCA372027858D00A91B1C /* LaunchScreen_ru.storyboard in Resources */ = {isa = PBXBuildFile; fileRef = B4CFCA352027858C00A91B1C /* LaunchScreen_ru.storyboard */; };
		B4CFCA3A202785AD00A91B1C /* LaunchScreen_en.storyboard in Resources */ = {isa = PBXBuildFile; fileRef = B4CFCA38202785AD00A91B1C /* LaunchScreen_en.storyboard */; };
		B4D931B42023A33F0071E283 /* SuccessScreenViewController.swift in Sources */ = {isa = PBXBuildFile; fileRef = B4D931B32023A33F0071E283 /* SuccessScreenViewController.swift */; };
		B4D931B92024E0BC0071E283 /* Score.swift in Sources */ = {isa = PBXBuildFile; fileRef = B4D931B82024E0BC0071E283 /* Score.swift */; };
		B4D931BE202595F50071E283 /* Images.bundle in Resources */ = {isa = PBXBuildFile; fileRef = B4D931BD202595F50071E283 /* Images.bundle */; };
		B4DBE0FE204DC6FC00531AF5 /* StoreKit.framework in Frameworks */ = {isa = PBXBuildFile; fileRef = B4DBE0FD204DC6FC00531AF5 /* StoreKit.framework */; };
		B4EB79FC204E09750042571D /* GoogleService-Info.plist in Resources */ = {isa = PBXBuildFile; fileRef = B4EB79FB204E09740042571D /* GoogleService-Info.plist */; };
		B4F9C9BA29F2B51100281BEF /* ProProduct.storekit in Resources */ = {isa = PBXBuildFile; fileRef = B4F9C9B929F2B51100281BEF /* ProProduct.storekit */; };
		B4F9C9BC29F2DD5D00281BEF /* Ad.swift in Sources */ = {isa = PBXBuildFile; fileRef = B4F9C9BB29F2DD5D00281BEF /* Ad.swift */; };
		B4F9C9BE29F3E3BA00281BEF /* AdViewCell.swift in Sources */ = {isa = PBXBuildFile; fileRef = B4F9C9BD29F3E3BA00281BEF /* AdViewCell.swift */; };
		B4F9C9C029F4457200281BEF /* InterstitialAdLoader.swift in Sources */ = {isa = PBXBuildFile; fileRef = B4F9C9BF29F4457200281BEF /* InterstitialAdLoader.swift */; };
/* End PBXBuildFile section */

/* Begin PBXCopyFilesBuildPhase section */
		B4C35F83202BA6B1000D3CB4 /* Embed Frameworks */ = {
			isa = PBXCopyFilesBuildPhase;
			buildActionMask = 2147483647;
			dstPath = "";
			dstSubfolderSpec = 10;
			files = (
			);
			name = "Embed Frameworks";
			runOnlyForDeploymentPostprocessing = 0;
		};
/* End PBXCopyFilesBuildPhase section */

/* Begin PBXFileReference section */
		7E68DE32F0E8C4603D8EBF29 /* Pods-htd.debug.xcconfig */ = {isa = PBXFileReference; includeInIndex = 1; lastKnownFileType = text.xcconfig; name = "Pods-htd.debug.xcconfig"; path = "Target Support Files/Pods-htd/Pods-htd.debug.xcconfig"; sourceTree = "<group>"; };
		B2D25598B40F8461ADBBE5B5 /* Pods_htd.framework */ = {isa = PBXFileReference; explicitFileType = wrapper.framework; includeInIndex = 0; path = Pods_htd.framework; sourceTree = BUILT_PRODUCTS_DIR; };
		B33083AE43E87748EB927235 /* Pods-htd.release.xcconfig */ = {isa = PBXFileReference; includeInIndex = 1; lastKnownFileType = text.xcconfig; name = "Pods-htd.release.xcconfig"; path = "Target Support Files/Pods-htd/Pods-htd.release.xcconfig"; sourceTree = "<group>"; };
		B4031A552078F84100C83EC0 /* UserInfo.swift */ = {isa = PBXFileReference; lastKnownFileType = sourcecode.swift; path = UserInfo.swift; sourceTree = "<group>"; };
		B411262F20BAF40400CC86A9 /* realmodel.mlmodel */ = {isa = PBXFileReference; lastKnownFileType = file.mlmodel; path = realmodel.mlmodel; sourceTree = "<group>"; };
		B411263120BB008C00CC86A9 /* FirstImageViewController.swift */ = {isa = PBXFileReference; lastKnownFileType = sourcecode.swift; path = FirstImageViewController.swift; sourceTree = "<group>"; };
		B411665E20BA074A004DEB81 /* NavigationViewController.swift */ = {isa = PBXFileReference; lastKnownFileType = sourcecode.swift; path = NavigationViewController.swift; sourceTree = "<group>"; };
		B411666020BA970E004DEB81 /* TutorialFirstViewController.swift */ = {isa = PBXFileReference; lastKnownFileType = sourcecode.swift; path = TutorialFirstViewController.swift; sourceTree = "<group>"; };
		B411666220BA9EBF004DEB81 /* TutorialSecondViewController.swift */ = {isa = PBXFileReference; lastKnownFileType = sourcecode.swift; path = TutorialSecondViewController.swift; sourceTree = "<group>"; };
		B42D4264204C5CB00002175A /* Colorize.swift */ = {isa = PBXFileReference; lastKnownFileType = sourcecode.swift; path = Colorize.swift; sourceTree = "<group>"; };
		B44E4F8E202982660062CEC5 /* Base */ = {isa = PBXFileReference; lastKnownFileType = text.plist.strings; name = Base; path = Base.lproj/InfoPlist.strings; sourceTree = "<group>"; };
		B455A6B7200A6600000247BC /* htd.app */ = {isa = PBXFileReference; explicitFileType = wrapper.application; includeInIndex = 0; path = htd.app; sourceTree = BUILT_PRODUCTS_DIR; };
		B455A6BA200A6600000247BC /* AppDelegate.swift */ = {isa = PBXFileReference; lastKnownFileType = sourcecode.swift; path = AppDelegate.swift; sourceTree = "<group>"; };
		B455A6BF200A6601000247BC /* Base */ = {isa = PBXFileReference; lastKnownFileType = file.storyboard; name = Base; path = Base.lproj/Main.storyboard; sourceTree = "<group>"; };
		B455A6C2200A6601000247BC /* htd.xcdatamodel */ = {isa = PBXFileReference; lastKnownFileType = wrapper.xcdatamodel; path = htd.xcdatamodel; sourceTree = "<group>"; };
		B455A6C4200A6601000247BC /* Assets.xcassets */ = {isa = PBXFileReference; lastKnownFileType = folder.assetcatalog; path = Assets.xcassets; sourceTree = "<group>"; };
		B455A6D0200AA240000247BC /* MainScreenViewController.swift */ = {isa = PBXFileReference; lastKnownFileType = sourcecode.swift; path = MainScreenViewController.swift; sourceTree = "<group>"; };
		B455A6D6200AA4FF000247BC /* SF-Pro-Text-BoldItalic.otf */ = {isa = PBXFileReference; lastKnownFileType = file; path = "SF-Pro-Text-BoldItalic.otf"; sourceTree = "<group>"; };
		B455A6D7200AA4FF000247BC /* SF-Pro-Text-Bold.otf */ = {isa = PBXFileReference; lastKnownFileType = file; path = "SF-Pro-Text-Bold.otf"; sourceTree = "<group>"; };
		B455A6D8200AA500000247BC /* SF-Pro-Text-Heavy.otf */ = {isa = PBXFileReference; lastKnownFileType = file; path = "SF-Pro-Text-Heavy.otf"; sourceTree = "<group>"; };
		B455A6D9200AA500000247BC /* SF-Pro-Text-HeavyItalic.otf */ = {isa = PBXFileReference; lastKnownFileType = file; path = "SF-Pro-Text-HeavyItalic.otf"; sourceTree = "<group>"; };
		B455A6DA200AA500000247BC /* SF-Pro-Text-Light.otf */ = {isa = PBXFileReference; lastKnownFileType = file; path = "SF-Pro-Text-Light.otf"; sourceTree = "<group>"; };
		B455A6DB200AA500000247BC /* SF-Pro-Text-LightItalic.otf */ = {isa = PBXFileReference; lastKnownFileType = file; path = "SF-Pro-Text-LightItalic.otf"; sourceTree = "<group>"; };
		B455A6DC200AA500000247BC /* SF-Pro-Text-Semibold.otf */ = {isa = PBXFileReference; lastKnownFileType = file; path = "SF-Pro-Text-Semibold.otf"; sourceTree = "<group>"; };
		B455A6DD200AA501000247BC /* SF-Pro-Text-Medium.otf */ = {isa = PBXFileReference; lastKnownFileType = file; path = "SF-Pro-Text-Medium.otf"; sourceTree = "<group>"; };
		B455A6DE200AA501000247BC /* SF-Pro-Text-MediumItalic.otf */ = {isa = PBXFileReference; lastKnownFileType = file; path = "SF-Pro-Text-MediumItalic.otf"; sourceTree = "<group>"; };
		B455A6DF200AA501000247BC /* SF-Pro-Text-Regular.otf */ = {isa = PBXFileReference; lastKnownFileType = file; path = "SF-Pro-Text-Regular.otf"; sourceTree = "<group>"; };
		B455A6E0200AA501000247BC /* SF-Pro-Text-RegularItalic.otf */ = {isa = PBXFileReference; lastKnownFileType = file; path = "SF-Pro-Text-RegularItalic.otf"; sourceTree = "<group>"; };
		B455A6E1200AA501000247BC /* SF-Pro-Text-SemiboldItalic.otf */ = {isa = PBXFileReference; lastKnownFileType = file; path = "SF-Pro-Text-SemiboldItalic.otf"; sourceTree = "<group>"; };
		B455A6F1200AAF68000247BC /* LevelsTableViewCell.swift */ = {isa = PBXFileReference; lastKnownFileType = sourcecode.swift; path = LevelsTableViewCell.swift; sourceTree = "<group>"; };
		B455A6F3200AB5F2000247BC /* Level.swift */ = {isa = PBXFileReference; lastKnownFileType = sourcecode.swift; path = Level.swift; sourceTree = "<group>"; };
		B455A6F6200AB71A000247BC /* Levels.swift */ = {isa = PBXFileReference; lastKnownFileType = sourcecode.swift; path = Levels.swift; sourceTree = "<group>"; };
		B455A6F8200B9457000247BC /* DetailsViewController.swift */ = {isa = PBXFileReference; lastKnownFileType = sourcecode.swift; path = DetailsViewController.swift; sourceTree = "<group>"; };
		B458A922204F485F00B3E7B4 /* htd.entitlements */ = {isa = PBXFileReference; lastKnownFileType = text.plist.entitlements; path = htd.entitlements; sourceTree = "<group>"; };
		B45CF7832039EA4000901235 /* en */ = {isa = PBXFileReference; lastKnownFileType = text.plist.strings; name = en; path = en.lproj/Levels.strings; sourceTree = "<group>"; };
		B45CF7852039EA4200901235 /* ru */ = {isa = PBXFileReference; lastKnownFileType = text.plist.strings; name = ru; path = ru.lproj/Levels.strings; sourceTree = "<group>"; };
		B45CF7862039F87B00901235 /* Stage.swift */ = {isa = PBXFileReference; lastKnownFileType = sourcecode.swift; path = Stage.swift; sourceTree = "<group>"; };
		B468F424200BA0C100C085C5 /* GalleryCollectionViewCell.swift */ = {isa = PBXFileReference; lastKnownFileType = sourcecode.swift; path = GalleryCollectionViewCell.swift; sourceTree = "<group>"; };
		B468F42D200BC55500C085C5 /* RecognizerViewController.swift */ = {isa = PBXFileReference; lastKnownFileType = sourcecode.swift; path = RecognizerViewController.swift; sourceTree = "<group>"; };
		B469349F2A191FED00F00FBA /* iAd.framework */ = {isa = PBXFileReference; lastKnownFileType = wrapper.framework; name = iAd.framework; path = System/Library/Frameworks/iAd.framework; sourceTree = SDKROOT; };
		B47F3B42202612BF007E0B26 /* en */ = {isa = PBXFileReference; lastKnownFileType = text.plist.strings; name = en; path = en.lproj/Localizable.strings; sourceTree = "<group>"; };
		B47F3B44202612C1007E0B26 /* ru */ = {isa = PBXFileReference; lastKnownFileType = text.plist.strings; name = ru; path = ru.lproj/Localizable.strings; sourceTree = "<group>"; };
		B47F3B4A20264245007E0B26 /* CarouselViewController.swift */ = {isa = PBXFileReference; lastKnownFileType = sourcecode.swift; path = CarouselViewController.swift; sourceTree = "<group>"; };
		B491506C204DE12300268384 /* PaymentScreenViewController.swift */ = {isa = PBXFileReference; lastKnownFileType = sourcecode.swift; path = PaymentScreenViewController.swift; sourceTree = "<group>"; };
		B4964F3729F5160D00BD6B0F /* ci_post_clone.sh */ = {isa = PBXFileReference; lastKnownFileType = text.script.sh; path = ci_post_clone.sh; sourceTree = "<group>"; };
		B497E04820B9B2090081346E /* TutorialPhoneViewController.swift */ = {isa = PBXFileReference; lastKnownFileType = sourcecode.swift; path = TutorialPhoneViewController.swift; sourceTree = "<group>"; };
		B498394D204DC8840080CA37 /* Purchase.swift */ = {isa = PBXFileReference; lastKnownFileType = sourcecode.swift; path = Purchase.swift; sourceTree = "<group>"; };
		B4AD7EED20279CB70093EF65 /* MoreCaptionTableViewCell.swift */ = {isa = PBXFileReference; lastKnownFileType = sourcecode.swift; path = MoreCaptionTableViewCell.swift; sourceTree = "<group>"; };
		B4BCFE21202609F3008161EA /* Info.plist */ = {isa = PBXFileReference; fileEncoding = 4; lastKnownFileType = text.plist.xml; path = Info.plist; sourceTree = "<group>"; };
		B4BCFE2620260A45008161EA /* en */ = {isa = PBXFileReference; lastKnownFileType = text.plist.strings; name = en; path = en.lproj/InfoPlist.strings; sourceTree = "<group>"; };
		B4BCFE2820260A46008161EA /* ru */ = {isa = PBXFileReference; lastKnownFileType = text.plist.strings; name = ru; path = ru.lproj/InfoPlist.strings; sourceTree = "<group>"; };
		B4BCFE2C20260B72008161EA /* GramCase.swift */ = {isa = PBXFileReference; lastKnownFileType = sourcecode.swift; path = GramCase.swift; sourceTree = "<group>"; };
		B4C35F76202B9AB7000D3CB4 /* Recognizer.swift */ = {isa = PBXFileReference; lastKnownFileType = sourcecode.swift; path = Recognizer.swift; sourceTree = "<group>"; };
		B4CBF4562A19053F00FE5E25 /* AdSupport.framework */ = {isa = PBXFileReference; lastKnownFileType = wrapper.framework; name = AdSupport.framework; path = System/Library/Frameworks/AdSupport.framework; sourceTree = SDKROOT; };
		B4CBF4582A19054600FE5E25 /* AdServices.framework */ = {isa = PBXFileReference; lastKnownFileType = wrapper.framework; name = AdServices.framework; path = System/Library/Frameworks/AdServices.framework; sourceTree = SDKROOT; };
		B4CBF45A2A19054F00FE5E25 /* AppTrackingTransparency.framework */ = {isa = PBXFileReference; lastKnownFileType = wrapper.framework; name = AppTrackingTransparency.framework; path = System/Library/Frameworks/AppTrackingTransparency.framework; sourceTree = SDKROOT; };
		B4CBF45C2A19055700FE5E25 /* WebKit.framework */ = {isa = PBXFileReference; lastKnownFileType = wrapper.framework; name = WebKit.framework; path = System/Library/Frameworks/WebKit.framework; sourceTree = SDKROOT; };
		B4CBF45E2A19148F00FE5E25 /* BannerView.swift */ = {isa = PBXFileReference; lastKnownFileType = sourcecode.swift; path = BannerView.swift; sourceTree = "<group>"; };
		B4CCEE572026586E0081014A /* CarouselPageViewController.swift */ = {isa = PBXFileReference; lastKnownFileType = sourcecode.swift; path = CarouselPageViewController.swift; sourceTree = "<group>"; };
		B4CCEE5920274F0B0081014A /* Analytics.swift */ = {isa = PBXFileReference; lastKnownFileType = sourcecode.swift; path = Analytics.swift; sourceTree = "<group>"; };
		B4CFCA362027858C00A91B1C /* Base */ = {isa = PBXFileReference; lastKnownFileType = file.storyboard; name = Base; path = Base.lproj/LaunchScreen_ru.storyboard; sourceTree = "<group>"; };
		B4CFCA39202785AD00A91B1C /* Base */ = {isa = PBXFileReference; lastKnownFileType = file.storyboard; name = Base; path = Base.lproj/LaunchScreen_en.storyboard; sourceTree = "<group>"; };
		B4D931B32023A33F0071E283 /* SuccessScreenViewController.swift */ = {isa = PBXFileReference; lastKnownFileType = sourcecode.swift; path = SuccessScreenViewController.swift; sourceTree = "<group>"; };
		B4D931B82024E0BC0071E283 /* Score.swift */ = {isa = PBXFileReference; lastKnownFileType = sourcecode.swift; path = Score.swift; sourceTree = "<group>"; };
		B4D931BD202595F50071E283 /* Images.bundle */ = {isa = PBXFileReference; lastKnownFileType = "wrapper.plug-in"; path = Images.bundle; sourceTree = "<group>"; };
		B4DBE0FD204DC6FC00531AF5 /* StoreKit.framework */ = {isa = PBXFileReference; lastKnownFileType = wrapper.framework; name = StoreKit.framework; path = System/Library/Frameworks/StoreKit.framework; sourceTree = SDKROOT; };
		B4EB79FB204E09740042571D /* GoogleService-Info.plist */ = {isa = PBXFileReference; fileEncoding = 4; lastKnownFileType = text.plist.xml; path = "GoogleService-Info.plist"; sourceTree = "<group>"; };
		B4F9C9B929F2B51100281BEF /* ProProduct.storekit */ = {isa = PBXFileReference; lastKnownFileType = text; name = ProProduct.storekit; path = htd/ProProduct.storekit; sourceTree = SOURCE_ROOT; };
		B4F9C9BB29F2DD5D00281BEF /* Ad.swift */ = {isa = PBXFileReference; lastKnownFileType = sourcecode.swift; path = Ad.swift; sourceTree = "<group>"; };
		B4F9C9BD29F3E3BA00281BEF /* AdViewCell.swift */ = {isa = PBXFileReference; lastKnownFileType = sourcecode.swift; path = AdViewCell.swift; sourceTree = "<group>"; };
		B4F9C9BF29F4457200281BEF /* InterstitialAdLoader.swift */ = {isa = PBXFileReference; lastKnownFileType = sourcecode.swift; path = InterstitialAdLoader.swift; sourceTree = "<group>"; };
/* End PBXFileReference section */

/* Begin PBXFrameworksBuildPhase section */
		B455A6B4200A6600000247BC /* Frameworks */ = {
			isa = PBXFrameworksBuildPhase;
			buildActionMask = 2147483647;
			files = (
				B46934A02A191FED00F00FBA /* iAd.framework in Frameworks */,
				B4CBF45D2A19055700FE5E25 /* WebKit.framework in Frameworks */,
				B4CBF45B2A19054F00FE5E25 /* AppTrackingTransparency.framework in Frameworks */,
				B4CBF4592A19054600FE5E25 /* AdServices.framework in Frameworks */,
				B4CBF4572A19053F00FE5E25 /* AdSupport.framework in Frameworks */,
				B4DBE0FE204DC6FC00531AF5 /* StoreKit.framework in Frameworks */,
				2E1495AB92BCC5B9C7224789 /* Pods_htd.framework in Frameworks */,
			);
			runOnlyForDeploymentPostprocessing = 0;
		};
/* End PBXFrameworksBuildPhase section */

/* Begin PBXGroup section */
		81B23A7866B6E217125875FD /* Pods */ = {
			isa = PBXGroup;
			children = (
				7E68DE32F0E8C4603D8EBF29 /* Pods-htd.debug.xcconfig */,
				B33083AE43E87748EB927235 /* Pods-htd.release.xcconfig */,
			);
			path = Pods;
			sourceTree = "<group>";
		};
		B455A6AE200A6600000247BC = {
			isa = PBXGroup;
			children = (
				B4964F3629F515F600BD6B0F /* ci_scripts */,
				B455A6B9200A6600000247BC /* htd */,
				B455A6B8200A6600000247BC /* Products */,
				FAF056E88BC28D4A50F3700C /* Frameworks */,
				81B23A7866B6E217125875FD /* Pods */,
			);
			sourceTree = "<group>";
		};
		B455A6B8200A6600000247BC /* Products */ = {
			isa = PBXGroup;
			children = (
				B455A6B7200A6600000247BC /* htd.app */,
			);
			name = Products;
			sourceTree = "<group>";
		};
		B455A6B9200A6600000247BC /* htd */ = {
			isa = PBXGroup;
			children = (
				B458A922204F485F00B3E7B4 /* htd.entitlements */,
				B4EB79FB204E09740042571D /* GoogleService-Info.plist */,
				B4F9C9B929F2B51100281BEF /* ProProduct.storekit */,
				B4BCFE2920260AC9008161EA /* Utilities */,
				B4D931B72024E09E0071E283 /* Models */,
				B455A6F5200AB70F000247BC /* Data */,
				B455A6EE200AAE76000247BC /* Components */,
				B455A6D4200AA4E5000247BC /* Assets */,
				B455A6CF200AA21F000247BC /* Screens */,
				B455A6BA200A6600000247BC /* AppDelegate.swift */,
				B455A6BE200A6601000247BC /* Main.storyboard */,
				B4CFCA38202785AD00A91B1C /* LaunchScreen_en.storyboard */,
				B4CFCA352027858C00A91B1C /* LaunchScreen_ru.storyboard */,
				B4BCFE21202609F3008161EA /* Info.plist */,
				B455A6C1200A6601000247BC /* htd.xcdatamodeld */,
				B411665E20BA074A004DEB81 /* NavigationViewController.swift */,
				B4F9C9BB29F2DD5D00281BEF /* Ad.swift */,
			);
			path = htd;
			sourceTree = "<group>";
		};
		B455A6CF200AA21F000247BC /* Screens */ = {
			isa = PBXGroup;
			children = (
				B497E04720B9B1EA0081346E /* Tutorial */,
				B455A6D0200AA240000247BC /* MainScreenViewController.swift */,
				B455A6F8200B9457000247BC /* DetailsViewController.swift */,
				B468F42D200BC55500C085C5 /* RecognizerViewController.swift */,
				B4D931B32023A33F0071E283 /* SuccessScreenViewController.swift */,
				B47F3B4A20264245007E0B26 /* CarouselViewController.swift */,
				B4CCEE572026586E0081014A /* CarouselPageViewController.swift */,
				B491506C204DE12300268384 /* PaymentScreenViewController.swift */,
				B411263120BB008C00CC86A9 /* FirstImageViewController.swift */,
			);
			path = Screens;
			sourceTree = "<group>";
		};
		B455A6D4200AA4E5000247BC /* Assets */ = {
			isa = PBXGroup;
			children = (
				B455A6C4200A6601000247BC /* Assets.xcassets */,
				B455A6D5200AA4EA000247BC /* Fonts */,
				B4BCFE2720260A45008161EA /* InfoPlist.strings */,
				B47F3B43202612BF007E0B26 /* Localizable.strings */,
			);
			path = Assets;
			sourceTree = "<group>";
		};
		B455A6D5200AA4EA000247BC /* Fonts */ = {
			isa = PBXGroup;
			children = (
				B455A6D7200AA4FF000247BC /* SF-Pro-Text-Bold.otf */,
				B455A6D6200AA4FF000247BC /* SF-Pro-Text-BoldItalic.otf */,
				B455A6D8200AA500000247BC /* SF-Pro-Text-Heavy.otf */,
				B455A6D9200AA500000247BC /* SF-Pro-Text-HeavyItalic.otf */,
				B455A6DA200AA500000247BC /* SF-Pro-Text-Light.otf */,
				B455A6DB200AA500000247BC /* SF-Pro-Text-LightItalic.otf */,
				B455A6DD200AA501000247BC /* SF-Pro-Text-Medium.otf */,
				B455A6DE200AA501000247BC /* SF-Pro-Text-MediumItalic.otf */,
				B455A6DF200AA501000247BC /* SF-Pro-Text-Regular.otf */,
				B455A6E0200AA501000247BC /* SF-Pro-Text-RegularItalic.otf */,
				B455A6DC200AA500000247BC /* SF-Pro-Text-Semibold.otf */,
				B455A6E1200AA501000247BC /* SF-Pro-Text-SemiboldItalic.otf */,
			);
			path = Fonts;
			sourceTree = "<group>";
		};
		B455A6EE200AAE76000247BC /* Components */ = {
			isa = PBXGroup;
			children = (
				B455A6F1200AAF68000247BC /* LevelsTableViewCell.swift */,
				B468F424200BA0C100C085C5 /* GalleryCollectionViewCell.swift */,
				B4AD7EED20279CB70093EF65 /* MoreCaptionTableViewCell.swift */,
				B4F9C9BD29F3E3BA00281BEF /* AdViewCell.swift */,
				B4CBF45E2A19148F00FE5E25 /* BannerView.swift */,
			);
			path = Components;
			sourceTree = "<group>";
		};
		B455A6F5200AB70F000247BC /* Data */ = {
			isa = PBXGroup;
			children = (
				B411262F20BAF40400CC86A9 /* realmodel.mlmodel */,
				B4D931BD202595F50071E283 /* Images.bundle */,
				B455A6F6200AB71A000247BC /* Levels.swift */,
				B45CF7842039EA4000901235 /* Levels.strings */,
			);
			path = Data;
			sourceTree = "<group>";
		};
		B4964F3629F515F600BD6B0F /* ci_scripts */ = {
			isa = PBXGroup;
			children = (
				B4964F3729F5160D00BD6B0F /* ci_post_clone.sh */,
			);
			path = ci_scripts;
			sourceTree = "<group>";
		};
		B497E04720B9B1EA0081346E /* Tutorial */ = {
			isa = PBXGroup;
			children = (
				B497E04820B9B2090081346E /* TutorialPhoneViewController.swift */,
				B411666020BA970E004DEB81 /* TutorialFirstViewController.swift */,
				B411666220BA9EBF004DEB81 /* TutorialSecondViewController.swift */,
			);
			path = Tutorial;
			sourceTree = "<group>";
		};
		B4B57D2620E90C5D0057DDB9 /* Camera */ = {
			isa = PBXGroup;
			children = (
				B4C35F76202B9AB7000D3CB4 /* Recognizer.swift */,
			);
			path = Camera;
			sourceTree = "<group>";
		};
		B4BCFE2920260AC9008161EA /* Utilities */ = {
			isa = PBXGroup;
			children = (
				B4B57D2620E90C5D0057DDB9 /* Camera */,
				B4CCEE5920274F0B0081014A /* Analytics.swift */,
				B4BCFE2C20260B72008161EA /* GramCase.swift */,
				B42D4264204C5CB00002175A /* Colorize.swift */,
				B498394D204DC8840080CA37 /* Purchase.swift */,
				B4F9C9BF29F4457200281BEF /* InterstitialAdLoader.swift */,
			);
			path = Utilities;
			sourceTree = "<group>";
		};
		B4D931B72024E09E0071E283 /* Models */ = {
			isa = PBXGroup;
			children = (
				B455A6F3200AB5F2000247BC /* Level.swift */,
				B4D931B82024E0BC0071E283 /* Score.swift */,
				B45CF7862039F87B00901235 /* Stage.swift */,
				B4031A552078F84100C83EC0 /* UserInfo.swift */,
			);
			path = Models;
			sourceTree = "<group>";
		};
		FAF056E88BC28D4A50F3700C /* Frameworks */ = {
			isa = PBXGroup;
			children = (
				B469349F2A191FED00F00FBA /* iAd.framework */,
				B4CBF45C2A19055700FE5E25 /* WebKit.framework */,
				B4CBF45A2A19054F00FE5E25 /* AppTrackingTransparency.framework */,
				B4CBF4582A19054600FE5E25 /* AdServices.framework */,
				B4CBF4562A19053F00FE5E25 /* AdSupport.framework */,
				B4DBE0FD204DC6FC00531AF5 /* StoreKit.framework */,
				B2D25598B40F8461ADBBE5B5 /* Pods_htd.framework */,
			);
			name = Frameworks;
			sourceTree = "<group>";
		};
/* End PBXGroup section */

/* Begin PBXNativeTarget section */
		B455A6B6200A6600000247BC /* htd */ = {
			isa = PBXNativeTarget;
			buildConfigurationList = B455A6CC200A6601000247BC /* Build configuration list for PBXNativeTarget "htd" */;
			buildPhases = (
				9897C8AD9C89BC0D85621E5A /* [CP] Check Pods Manifest.lock */,
				B455A6B3200A6600000247BC /* Sources */,
				B455A6B4200A6600000247BC /* Frameworks */,
				B455A6B5200A6600000247BC /* Resources */,
				B4C35F83202BA6B1000D3CB4 /* Embed Frameworks */,
				0D33F84A037622BF42BEC14C /* [CP] Embed Pods Frameworks */,
				2DD668FD235F43B6EB3465CD /* [CP] Copy Pods Resources */,
			);
			buildRules = (
			);
			dependencies = (
			);
			name = htd;
			productName = htd;
			productReference = B455A6B7200A6600000247BC /* htd.app */;
			productType = "com.apple.product-type.application";
		};
/* End PBXNativeTarget section */

/* Begin PBXProject section */
		B455A6AF200A6600000247BC /* Project object */ = {
			isa = PBXProject;
			attributes = {
				BuildIndependentTargetsInParallel = YES;
				LastSwiftUpdateCheck = 0920;
				LastUpgradeCheck = 1430;
				ORGANIZATIONNAME = "Alexey Landyrev";
				TargetAttributes = {
					B455A6B6200A6600000247BC = {
						CreatedOnToolsVersion = 9.2;
						LastSwiftMigration = "";
						ProvisioningStyle = Automatic;
						SystemCapabilities = {
							com.apple.InAppPurchase = {
								enabled = 1;
							};
							com.apple.SafariKeychain = {
								enabled = 1;
							};
						};
					};
				};
			};
			buildConfigurationList = B455A6B2200A6600000247BC /* Build configuration list for PBXProject "htd" */;
			compatibilityVersion = "Xcode 8.0";
			developmentRegion = en;
			hasScannedForEncodings = 0;
			knownRegions = (
				en,
				Base,
				ru,
			);
			mainGroup = B455A6AE200A6600000247BC;
			productRefGroup = B455A6B8200A6600000247BC /* Products */;
			projectDirPath = "";
			projectRoot = "";
			targets = (
				B455A6B6200A6600000247BC /* htd */,
			);
		};
/* End PBXProject section */

/* Begin PBXResourcesBuildPhase section */
		B455A6B5200A6600000247BC /* Resources */ = {
			isa = PBXResourcesBuildPhase;
			buildActionMask = 2147483647;
			files = (
				B455A6EA200AA502000247BC /* SF-Pro-Text-MediumItalic.otf in Resources */,
				B455A6E7200AA502000247BC /* SF-Pro-Text-LightItalic.otf in Resources */,
				B4F9C9BA29F2B51100281BEF /* ProProduct.storekit in Resources */,
				B455A6E8200AA502000247BC /* SF-Pro-Text-Semibold.otf in Resources */,
				B455A6ED200AA502000247BC /* SF-Pro-Text-SemiboldItalic.otf in Resources */,
				B47F3B41202612BF007E0B26 /* Localizable.strings in Resources */,
				B455A6EC200AA502000247BC /* SF-Pro-Text-RegularItalic.otf in Resources */,
				B4CFCA372027858D00A91B1C /* LaunchScreen_ru.storyboard in Resources */,
				B455A6E4200AA502000247BC /* SF-Pro-Text-Heavy.otf in Resources */,
				B4BCFE2520260A45008161EA /* InfoPlist.strings in Resources */,
				B455A6E6200AA502000247BC /* SF-Pro-Text-Light.otf in Resources */,
				B455A6E9200AA502000247BC /* SF-Pro-Text-Medium.otf in Resources */,
				B455A6E3200AA502000247BC /* SF-Pro-Text-Bold.otf in Resources */,
				B45CF7822039EA4000901235 /* Levels.strings in Resources */,
				B455A6C5200A6601000247BC /* Assets.xcassets in Resources */,
				B4CFCA3A202785AD00A91B1C /* LaunchScreen_en.storyboard in Resources */,
				B4D931BE202595F50071E283 /* Images.bundle in Resources */,
				B455A6EB200AA502000247BC /* SF-Pro-Text-Regular.otf in Resources */,
				B455A6E5200AA502000247BC /* SF-Pro-Text-HeavyItalic.otf in Resources */,
				B4EB79FC204E09750042571D /* GoogleService-Info.plist in Resources */,
				B455A6E2200AA502000247BC /* SF-Pro-Text-BoldItalic.otf in Resources */,
				B455A6C0200A6601000247BC /* Main.storyboard in Resources */,
			);
			runOnlyForDeploymentPostprocessing = 0;
		};
/* End PBXResourcesBuildPhase section */

/* Begin PBXShellScriptBuildPhase section */
		0D33F84A037622BF42BEC14C /* [CP] Embed Pods Frameworks */ = {
			isa = PBXShellScriptBuildPhase;
			buildActionMask = 2147483647;
			files = (
			);
			inputPaths = (
				"${PODS_ROOT}/Target Support Files/Pods-htd/Pods-htd-frameworks.sh",
				"${BUILT_PRODUCTS_DIR}/BranchSDK/BranchSDK.framework",
				"${BUILT_PRODUCTS_DIR}/DivKit/DivKit.framework",
				"${BUILT_PRODUCTS_DIR}/DivKit_Base/Base.framework",
				"${BUILT_PRODUCTS_DIR}/DivKit_BaseTiny/BaseTiny.framework",
				"${BUILT_PRODUCTS_DIR}/DivKit_BaseUI/BaseUI.framework",
				"${BUILT_PRODUCTS_DIR}/DivKit_CommonCore/CommonCore.framework",
				"${BUILT_PRODUCTS_DIR}/DivKit_LayoutKit/LayoutKit.framework",
				"${BUILT_PRODUCTS_DIR}/DivKit_LayoutKitInterface/LayoutKitInterface.framework",
				"${BUILT_PRODUCTS_DIR}/DivKit_Networking/Networking.framework",
				"${BUILT_PRODUCTS_DIR}/DivKit_Serialization/Serialization.framework",
				"${BUILT_PRODUCTS_DIR}/DivKit_TemplatesSupport/TemplatesSupport.framework",
				"${BUILT_PRODUCTS_DIR}/GoogleUtilities/GoogleUtilities.framework",
				"${BUILT_PRODUCTS_DIR}/PromisesObjC/FBLPromises.framework",
				"${BUILT_PRODUCTS_DIR}/Realm/Realm.framework",
				"${BUILT_PRODUCTS_DIR}/RealmSwift/RealmSwift.framework",
				"${BUILT_PRODUCTS_DIR}/Sentry/Sentry.framework",
				"${BUILT_PRODUCTS_DIR}/SentryPrivate/SentryPrivate.framework",
				"${BUILT_PRODUCTS_DIR}/Yams/Yams.framework",
				"${BUILT_PRODUCTS_DIR}/nanopb/nanopb.framework",
				"${PODS_XCFRAMEWORKS_BUILD_DIR}/OguryAds/OMID/OMSDK_Ogury.framework/OMSDK_Ogury",
			);
			name = "[CP] Embed Pods Frameworks";
			outputPaths = (
				"${TARGET_BUILD_DIR}/${FRAMEWORKS_FOLDER_PATH}/BranchSDK.framework",
				"${TARGET_BUILD_DIR}/${FRAMEWORKS_FOLDER_PATH}/DivKit.framework",
				"${TARGET_BUILD_DIR}/${FRAMEWORKS_FOLDER_PATH}/Base.framework",
				"${TARGET_BUILD_DIR}/${FRAMEWORKS_FOLDER_PATH}/BaseTiny.framework",
				"${TARGET_BUILD_DIR}/${FRAMEWORKS_FOLDER_PATH}/BaseUI.framework",
				"${TARGET_BUILD_DIR}/${FRAMEWORKS_FOLDER_PATH}/CommonCore.framework",
				"${TARGET_BUILD_DIR}/${FRAMEWORKS_FOLDER_PATH}/LayoutKit.framework",
				"${TARGET_BUILD_DIR}/${FRAMEWORKS_FOLDER_PATH}/LayoutKitInterface.framework",
				"${TARGET_BUILD_DIR}/${FRAMEWORKS_FOLDER_PATH}/Networking.framework",
				"${TARGET_BUILD_DIR}/${FRAMEWORKS_FOLDER_PATH}/Serialization.framework",
				"${TARGET_BUILD_DIR}/${FRAMEWORKS_FOLDER_PATH}/TemplatesSupport.framework",
				"${TARGET_BUILD_DIR}/${FRAMEWORKS_FOLDER_PATH}/GoogleUtilities.framework",
				"${TARGET_BUILD_DIR}/${FRAMEWORKS_FOLDER_PATH}/FBLPromises.framework",
				"${TARGET_BUILD_DIR}/${FRAMEWORKS_FOLDER_PATH}/Realm.framework",
				"${TARGET_BUILD_DIR}/${FRAMEWORKS_FOLDER_PATH}/RealmSwift.framework",
				"${TARGET_BUILD_DIR}/${FRAMEWORKS_FOLDER_PATH}/Sentry.framework",
				"${TARGET_BUILD_DIR}/${FRAMEWORKS_FOLDER_PATH}/SentryPrivate.framework",
				"${TARGET_BUILD_DIR}/${FRAMEWORKS_FOLDER_PATH}/Yams.framework",
				"${TARGET_BUILD_DIR}/${FRAMEWORKS_FOLDER_PATH}/nanopb.framework",
				"${TARGET_BUILD_DIR}/${FRAMEWORKS_FOLDER_PATH}/OMSDK_Ogury.framework",
			);
			runOnlyForDeploymentPostprocessing = 0;
			shellPath = /bin/sh;
			shellScript = "\"${PODS_ROOT}/Target Support Files/Pods-htd/Pods-htd-frameworks.sh\"\n";
			showEnvVarsInLog = 0;
		};
		2DD668FD235F43B6EB3465CD /* [CP] Copy Pods Resources */ = {
			isa = PBXShellScriptBuildPhase;
			buildActionMask = 2147483647;
			files = (
			);
			inputPaths = (
				"${PODS_ROOT}/Target Support Files/Pods-htd/Pods-htd-resources.sh",
				"${PODS_ROOT}/AppLovinSDK/applovin-ios-sdk-11.9.0/AppLovinSDKResources.bundle",
				"${PODS_ROOT}/YandexMobileAds/static/YandexMobileAds.xcframework/YandexMobileAdsBundle.bundle",
			);
			name = "[CP] Copy Pods Resources";
			outputPaths = (
				"${TARGET_BUILD_DIR}/${UNLOCALIZED_RESOURCES_FOLDER_PATH}/AppLovinSDKResources.bundle",
				"${TARGET_BUILD_DIR}/${UNLOCALIZED_RESOURCES_FOLDER_PATH}/YandexMobileAdsBundle.bundle",
			);
			runOnlyForDeploymentPostprocessing = 0;
			shellPath = /bin/sh;
			shellScript = "\"${PODS_ROOT}/Target Support Files/Pods-htd/Pods-htd-resources.sh\"\n";
			showEnvVarsInLog = 0;
		};
		9897C8AD9C89BC0D85621E5A /* [CP] Check Pods Manifest.lock */ = {
			isa = PBXShellScriptBuildPhase;
			buildActionMask = 2147483647;
			files = (
			);
			inputFileListPaths = (
			);
			inputPaths = (
				"${PODS_PODFILE_DIR_PATH}/Podfile.lock",
				"${PODS_ROOT}/Manifest.lock",
			);
			name = "[CP] Check Pods Manifest.lock";
			outputFileListPaths = (
			);
			outputPaths = (
				"$(DERIVED_FILE_DIR)/Pods-htd-checkManifestLockResult.txt",
			);
			runOnlyForDeploymentPostprocessing = 0;
			shellPath = /bin/sh;
			shellScript = "diff \"${PODS_PODFILE_DIR_PATH}/Podfile.lock\" \"${PODS_ROOT}/Manifest.lock\" > /dev/null\nif [ $? != 0 ] ; then\n    # print error to STDERR\n    echo \"error: The sandbox is not in sync with the Podfile.lock. Run 'pod install' or update your CocoaPods installation.\" >&2\n    exit 1\nfi\n# This output is used by Xcode 'outputs' to avoid re-running this script phase.\necho \"SUCCESS\" > \"${SCRIPT_OUTPUT_FILE_0}\"\n";
			showEnvVarsInLog = 0;
		};
/* End PBXShellScriptBuildPhase section */

/* Begin PBXSourcesBuildPhase section */
		B455A6B3200A6600000247BC /* Sources */ = {
			isa = PBXSourcesBuildPhase;
			buildActionMask = 2147483647;
			files = (
				B455A6F7200AB71A000247BC /* Levels.swift in Sources */,
				B4AD7EEE20279CB70093EF65 /* MoreCaptionTableViewCell.swift in Sources */,
				B468F425200BA0C100C085C5 /* GalleryCollectionViewCell.swift in Sources */,
				B411666320BA9EBF004DEB81 /* TutorialSecondViewController.swift in Sources */,
				B4031A562078F84100C83EC0 /* UserInfo.swift in Sources */,
				B4CCEE5A20274F0C0081014A /* Analytics.swift in Sources */,
				B455A6D1200AA240000247BC /* MainScreenViewController.swift in Sources */,
				B4D931B92024E0BC0071E283 /* Score.swift in Sources */,
				B4CCEE582026586E0081014A /* CarouselPageViewController.swift in Sources */,
				B42D4265204C5CB00002175A /* Colorize.swift in Sources */,
				B411665F20BA074A004DEB81 /* NavigationViewController.swift in Sources */,
				B45CF7872039F87B00901235 /* Stage.swift in Sources */,
				B468F42E200BC55500C085C5 /* RecognizerViewController.swift in Sources */,
				B455A6C3200A6601000247BC /* htd.xcdatamodeld in Sources */,
				B455A6F2200AAF68000247BC /* LevelsTableViewCell.swift in Sources */,
				B4F9C9C029F4457200281BEF /* InterstitialAdLoader.swift in Sources */,
				B47F3B4B20264245007E0B26 /* CarouselViewController.swift in Sources */,
				B4F9C9BC29F2DD5D00281BEF /* Ad.swift in Sources */,
				B4D931B42023A33F0071E283 /* SuccessScreenViewController.swift in Sources */,
				B455A6F9200B9457000247BC /* DetailsViewController.swift in Sources */,
				B411263220BB008C00CC86A9 /* FirstImageViewController.swift in Sources */,
				B4BCFE2D20260B72008161EA /* GramCase.swift in Sources */,
				B4C35F77202B9AB7000D3CB4 /* Recognizer.swift in Sources */,
				B455A6F4200AB5F2000247BC /* Level.swift in Sources */,
				B455A6BB200A6600000247BC /* AppDelegate.swift in Sources */,
				B497E04920B9B2090081346E /* TutorialPhoneViewController.swift in Sources */,
				B4F9C9BE29F3E3BA00281BEF /* AdViewCell.swift in Sources */,
				B411666120BA970E004DEB81 /* TutorialFirstViewController.swift in Sources */,
				B4CBF45F2A19148F00FE5E25 /* BannerView.swift in Sources */,
				B498394E204DC8840080CA37 /* Purchase.swift in Sources */,
				B411263020BAF40400CC86A9 /* realmodel.mlmodel in Sources */,
				B491506D204DE12300268384 /* PaymentScreenViewController.swift in Sources */,
			);
			runOnlyForDeploymentPostprocessing = 0;
		};
/* End PBXSourcesBuildPhase section */

/* Begin PBXVariantGroup section */
		B455A6BE200A6601000247BC /* Main.storyboard */ = {
			isa = PBXVariantGroup;
			children = (
				B455A6BF200A6601000247BC /* Base */,
			);
			name = Main.storyboard;
			sourceTree = "<group>";
		};
		B45CF7842039EA4000901235 /* Levels.strings */ = {
			isa = PBXVariantGroup;
			children = (
				B45CF7832039EA4000901235 /* en */,
				B45CF7852039EA4200901235 /* ru */,
			);
			name = Levels.strings;
			sourceTree = "<group>";
		};
		B47F3B43202612BF007E0B26 /* Localizable.strings */ = {
			isa = PBXVariantGroup;
			children = (
				B47F3B42202612BF007E0B26 /* en */,
				B47F3B44202612C1007E0B26 /* ru */,
			);
			name = Localizable.strings;
			sourceTree = "<group>";
		};
		B4BCFE2720260A45008161EA /* InfoPlist.strings */ = {
			isa = PBXVariantGroup;
			children = (
				B4BCFE2620260A45008161EA /* en */,
				B4BCFE2820260A46008161EA /* ru */,
				B44E4F8E202982660062CEC5 /* Base */,
			);
			name = InfoPlist.strings;
			sourceTree = "<group>";
		};
		B4CFCA352027858C00A91B1C /* LaunchScreen_ru.storyboard */ = {
			isa = PBXVariantGroup;
			children = (
				B4CFCA362027858C00A91B1C /* Base */,
			);
			name = LaunchScreen_ru.storyboard;
			sourceTree = "<group>";
		};
		B4CFCA38202785AD00A91B1C /* LaunchScreen_en.storyboard */ = {
			isa = PBXVariantGroup;
			children = (
				B4CFCA39202785AD00A91B1C /* Base */,
			);
			name = LaunchScreen_en.storyboard;
			sourceTree = "<group>";
		};
/* End PBXVariantGroup section */

/* Begin XCBuildConfiguration section */
		B455A6CA200A6601000247BC /* Debug */ = {
			isa = XCBuildConfiguration;
			buildSettings = {
				ALWAYS_SEARCH_USER_PATHS = NO;
				CLANG_ANALYZER_LOCALIZABILITY_NONLOCALIZED = YES;
				CLANG_ANALYZER_NONNULL = YES;
				CLANG_ANALYZER_NUMBER_OBJECT_CONVERSION = YES_AGGRESSIVE;
				CLANG_CXX_LANGUAGE_STANDARD = "gnu++14";
				CLANG_CXX_LIBRARY = "libc++";
				CLANG_ENABLE_MODULES = YES;
				CLANG_ENABLE_OBJC_ARC = YES;
				CLANG_WARN_BLOCK_CAPTURE_AUTORELEASING = YES;
				CLANG_WARN_BOOL_CONVERSION = YES;
				CLANG_WARN_COMMA = YES;
				CLANG_WARN_CONSTANT_CONVERSION = YES;
				CLANG_WARN_DEPRECATED_OBJC_IMPLEMENTATIONS = YES;
				CLANG_WARN_DIRECT_OBJC_ISA_USAGE = YES_ERROR;
				CLANG_WARN_DOCUMENTATION_COMMENTS = YES;
				CLANG_WARN_EMPTY_BODY = YES;
				CLANG_WARN_ENUM_CONVERSION = YES;
				CLANG_WARN_INFINITE_RECURSION = YES;
				CLANG_WARN_INT_CONVERSION = YES;
				CLANG_WARN_NON_LITERAL_NULL_CONVERSION = YES;
				CLANG_WARN_OBJC_IMPLICIT_RETAIN_SELF = YES;
				CLANG_WARN_OBJC_LITERAL_CONVERSION = YES;
				CLANG_WARN_OBJC_ROOT_CLASS = YES_ERROR;
				CLANG_WARN_QUOTED_INCLUDE_IN_FRAMEWORK_HEADER = YES;
				CLANG_WARN_RANGE_LOOP_ANALYSIS = YES;
				CLANG_WARN_STRICT_PROTOTYPES = YES;
				CLANG_WARN_SUSPICIOUS_MOVE = YES;
				CLANG_WARN_UNGUARDED_AVAILABILITY = YES_AGGRESSIVE;
				CLANG_WARN_UNREACHABLE_CODE = YES;
				CLANG_WARN__DUPLICATE_METHOD_MATCH = YES;
				CODE_SIGN_IDENTITY = "iPhone Developer";
				COPY_PHASE_STRIP = NO;
				DEBUG_INFORMATION_FORMAT = dwarf;
				ENABLE_STRICT_OBJC_MSGSEND = YES;
				ENABLE_TESTABILITY = YES;
				GCC_C_LANGUAGE_STANDARD = gnu11;
				GCC_DYNAMIC_NO_PIC = NO;
				GCC_NO_COMMON_BLOCKS = YES;
				GCC_OPTIMIZATION_LEVEL = 0;
				GCC_PREPROCESSOR_DEFINITIONS = (
					"DEBUG=1",
					"$(inherited)",
				);
				GCC_WARN_64_TO_32_BIT_CONVERSION = YES;
				GCC_WARN_ABOUT_RETURN_TYPE = YES_ERROR;
				GCC_WARN_UNDECLARED_SELECTOR = YES;
				GCC_WARN_UNINITIALIZED_AUTOS = YES_AGGRESSIVE;
				GCC_WARN_UNUSED_FUNCTION = YES;
				GCC_WARN_UNUSED_VARIABLE = YES;
				IPHONEOS_DEPLOYMENT_TARGET = 15.0;
				MTL_ENABLE_DEBUG_INFO = YES;
				ONLY_ACTIVE_ARCH = YES;
				SDKROOT = iphoneos;
				SWIFT_ACTIVE_COMPILATION_CONDITIONS = DEBUG;
				SWIFT_OPTIMIZATION_LEVEL = "-Onone";
			};
			name = Debug;
		};
		B455A6CB200A6601000247BC /* Release */ = {
			isa = XCBuildConfiguration;
			buildSettings = {
				ALWAYS_SEARCH_USER_PATHS = NO;
				CLANG_ANALYZER_LOCALIZABILITY_NONLOCALIZED = YES;
				CLANG_ANALYZER_NONNULL = YES;
				CLANG_ANALYZER_NUMBER_OBJECT_CONVERSION = YES_AGGRESSIVE;
				CLANG_CXX_LANGUAGE_STANDARD = "gnu++14";
				CLANG_CXX_LIBRARY = "libc++";
				CLANG_ENABLE_MODULES = YES;
				CLANG_ENABLE_OBJC_ARC = YES;
				CLANG_WARN_BLOCK_CAPTURE_AUTORELEASING = YES;
				CLANG_WARN_BOOL_CONVERSION = YES;
				CLANG_WARN_COMMA = YES;
				CLANG_WARN_CONSTANT_CONVERSION = YES;
				CLANG_WARN_DEPRECATED_OBJC_IMPLEMENTATIONS = YES;
				CLANG_WARN_DIRECT_OBJC_ISA_USAGE = YES_ERROR;
				CLANG_WARN_DOCUMENTATION_COMMENTS = YES;
				CLANG_WARN_EMPTY_BODY = YES;
				CLANG_WARN_ENUM_CONVERSION = YES;
				CLANG_WARN_INFINITE_RECURSION = YES;
				CLANG_WARN_INT_CONVERSION = YES;
				CLANG_WARN_NON_LITERAL_NULL_CONVERSION = YES;
				CLANG_WARN_OBJC_IMPLICIT_RETAIN_SELF = YES;
				CLANG_WARN_OBJC_LITERAL_CONVERSION = YES;
				CLANG_WARN_OBJC_ROOT_CLASS = YES_ERROR;
				CLANG_WARN_QUOTED_INCLUDE_IN_FRAMEWORK_HEADER = YES;
				CLANG_WARN_RANGE_LOOP_ANALYSIS = YES;
				CLANG_WARN_STRICT_PROTOTYPES = YES;
				CLANG_WARN_SUSPICIOUS_MOVE = YES;
				CLANG_WARN_UNGUARDED_AVAILABILITY = YES_AGGRESSIVE;
				CLANG_WARN_UNREACHABLE_CODE = YES;
				CLANG_WARN__DUPLICATE_METHOD_MATCH = YES;
				CODE_SIGN_IDENTITY = "iPhone Developer";
				COPY_PHASE_STRIP = NO;
				DEBUG_INFORMATION_FORMAT = "dwarf-with-dsym";
				ENABLE_NS_ASSERTIONS = NO;
				ENABLE_STRICT_OBJC_MSGSEND = YES;
				GCC_C_LANGUAGE_STANDARD = gnu11;
				GCC_NO_COMMON_BLOCKS = YES;
				GCC_WARN_64_TO_32_BIT_CONVERSION = YES;
				GCC_WARN_ABOUT_RETURN_TYPE = YES_ERROR;
				GCC_WARN_UNDECLARED_SELECTOR = YES;
				GCC_WARN_UNINITIALIZED_AUTOS = YES_AGGRESSIVE;
				GCC_WARN_UNUSED_FUNCTION = YES;
				GCC_WARN_UNUSED_VARIABLE = YES;
				IPHONEOS_DEPLOYMENT_TARGET = 15.0;
				MTL_ENABLE_DEBUG_INFO = NO;
				SDKROOT = iphoneos;
				SWIFT_COMPILATION_MODE = wholemodule;
				SWIFT_OPTIMIZATION_LEVEL = "-O";
				VALIDATE_PRODUCT = YES;
			};
			name = Release;
		};
		B455A6CD200A6601000247BC /* Debug */ = {
			isa = XCBuildConfiguration;
			baseConfigurationReference = 7E68DE32F0E8C4603D8EBF29 /* Pods-htd.debug.xcconfig */;
			buildSettings = {
				ASSETCATALOG_COMPILER_APPICON_NAME = AppIcon;
				CLANG_ENABLE_MODULES = YES;
				CODE_SIGN_ENTITLEMENTS = htd/htd.entitlements;
				"CODE_SIGN_IDENTITY[sdk=iphoneos*]" = "iPhone Developer";
				CODE_SIGN_STYLE = Automatic;
				CURRENT_PROJECT_VERSION = 213;
				DEBUG_INFORMATION_FORMAT = "dwarf-with-dsym";
				DEVELOPMENT_TEAM = 6UB9STX7MH;
				FRAMEWORK_SEARCH_PATHS = (
					"$(inherited)",
					"$(PROJECT_DIR)",
				);
				INFOPLIST_FILE = htd/Info.plist;
				LD_RUNPATH_SEARCH_PATHS = (
					"$(inherited)",
					"@executable_path/Frameworks",
				);
				MARKETING_VERSION = 2.1.3;
				"OTHER_SWIFT_FLAGS[arch=*]" = "$(inherited) \"-D\" \"IOS_DEBUG\"";
				"OTHER_SWIFT_FLAGS[sdk=iphonesimulator*]" = "$(inherited) \"-D\" \"IOS_SIMULATOR\"";
				PRODUCT_BUNDLE_IDENTIFIER = landyrev.htd;
				PRODUCT_NAME = "$(TARGET_NAME)";
				PROVISIONING_PROFILE = "";
				PROVISIONING_PROFILE_SPECIFIER = "";
				SUPPORTED_PLATFORMS = "iphoneos iphonesimulator";
				SUPPORTS_MACCATALYST = NO;
				SUPPORTS_MAC_DESIGNED_FOR_IPHONE_IPAD = YES;
				SWIFT_OBJC_BRIDGING_HEADER = "";
				SWIFT_OPTIMIZATION_LEVEL = "-Onone";
				SWIFT_VERSION = 5.0;
				TARGETED_DEVICE_FAMILY = "1,2";
			};
			name = Debug;
		};
		B455A6CE200A6601000247BC /* Release */ = {
			isa = XCBuildConfiguration;
			baseConfigurationReference = B33083AE43E87748EB927235 /* Pods-htd.release.xcconfig */;
			buildSettings = {
				ASSETCATALOG_COMPILER_APPICON_NAME = AppIcon;
				CLANG_ENABLE_MODULES = YES;
				CODE_SIGN_ENTITLEMENTS = htd/htd.entitlements;
				"CODE_SIGN_IDENTITY[sdk=iphoneos*]" = "iPhone Developer";
				CODE_SIGN_STYLE = Automatic;
				CURRENT_PROJECT_VERSION = 213;
				DEVELOPMENT_TEAM = 6UB9STX7MH;
				FRAMEWORK_SEARCH_PATHS = (
					"$(inherited)",
					"$(PROJECT_DIR)",
				);
				INFOPLIST_FILE = htd/Info.plist;
				LD_RUNPATH_SEARCH_PATHS = (
					"$(inherited)",
					"@executable_path/Frameworks",
				);
				MARKETING_VERSION = 2.1.3;
				ONLY_ACTIVE_ARCH = YES;
				"OTHER_SWIFT_FLAGS[sdk=iphonesimulator*]" = "$(inherited) \"-D\" \"IOS_SIMULATOR\"";
				PRODUCT_BUNDLE_IDENTIFIER = landyrev.htd;
				PRODUCT_NAME = "$(TARGET_NAME)";
				PROVISIONING_PROFILE = "";
				PROVISIONING_PROFILE_SPECIFIER = "";
				SUPPORTED_PLATFORMS = "iphoneos iphonesimulator";
				SUPPORTS_MACCATALYST = NO;
				SUPPORTS_MAC_DESIGNED_FOR_IPHONE_IPAD = YES;
				SWIFT_OBJC_BRIDGING_HEADER = "";
				SWIFT_VERSION = 5.0;
				TARGETED_DEVICE_FAMILY = "1,2";
			};
			name = Release;
		};
/* End XCBuildConfiguration section */

/* Begin XCConfigurationList section */
		B455A6B2200A6600000247BC /* Build configuration list for PBXProject "htd" */ = {
			isa = XCConfigurationList;
			buildConfigurations = (
				B455A6CA200A6601000247BC /* Debug */,
				B455A6CB200A6601000247BC /* Release */,
			);
			defaultConfigurationIsVisible = 0;
			defaultConfigurationName = Release;
		};
		B455A6CC200A6601000247BC /* Build configuration list for PBXNativeTarget "htd" */ = {
			isa = XCConfigurationList;
			buildConfigurations = (
				B455A6CD200A6601000247BC /* Debug */,
				B455A6CE200A6601000247BC /* Release */,
			);
			defaultConfigurationIsVisible = 0;
			defaultConfigurationName = Release;
		};
/* End XCConfigurationList section */

/* Begin XCVersionGroup section */
		B455A6C1200A6601000247BC /* htd.xcdatamodeld */ = {
			isa = XCVersionGroup;
			children = (
				B455A6C2200A6601000247BC /* htd.xcdatamodel */,
			);
			currentVersion = B455A6C2200A6601000247BC /* htd.xcdatamodel */;
			path = htd.xcdatamodeld;
			sourceTree = "<group>";
			versionGroupType = wrapper.xcdatamodel;
		};
/* End XCVersionGroup section */
	};
	rootObject = B455A6AF200A6600000247BC /* Project object */;
}
