PODS:
  - AppLovinSDK (11.9.0)
  - Realm (10.38.0):
    - Realm/Headers (= 10.38.0)
  - Realm/Headers (10.38.0)
  - RealmSwift (10.38.0):
    - Realm (= 10.38.0)
  - Sentry (8.5.0):
    - Sentry/Core (= 8.5.0)
    - SentryPrivate (= 8.5.0)
  - Sentry/Core (8.5.0):
    - SentryPrivate (= 8.5.0)
  - SentryPrivate (8.5.0)
  - Yams (5.0.5)
  - YandexMobileMetrica (4.5.0):
    - YandexMobileMetrica/Static (= 4.5.0)
  - YandexMobileMetrica/Static (4.5.0):
    - YandexMobileMetrica/Static/Core (= 4.5.0)
    - YandexMobileMetrica/Static/Crashes (= 4.5.0)
  - YandexMobileMetrica/Static/Core (4.5.0)
  - YandexMobileMetrica/Static/Crashes (4.5.0):
    - YandexMobileMetrica/Static/Core

DEPENDENCIES:
  - AppLovinSDK
  - RealmSwift (= 10.38.0)
  - Sentry (from `https://github.com/getsentry/sentry-cocoa.git`, tag `8.5.0`)
  - Yams (= 5.0.5)
  - YandexMobileMetrica (= 4.5.0)

SPEC REPOS:
  trunk:
    - AppLovinSDK
    - Realm
    - RealmSwift
    - SentryPrivate
    - Yams
    - YandexMobileMetrica

EXTERNAL SOURCES:
  Sentry:
    :git: https://github.com/getsentry/sentry-cocoa.git
    :tag: 8.5.0

CHECKOUT OPTIONS:
  Sentry:
    :git: https://github.com/getsentry/sentry-cocoa.git
    :tag: 8.5.0

SPEC CHECKSUMS:
  AppLovinSDK: 2022f21e5b713b2c04bb7c2f10bde0f2dea89f11
  Realm: 5902885dd1d5e71b0b020830caab937ecdf5bf07
  RealmSwift: 0fc037d6c32c7c4fc9362892380f380114ecdcf0
  Sentry: 3be3f42e40e5a552935552e115744d5810a216d9
  SentryPrivate: 8c9463280e282527f938d1a5d1d60f8e10ff279b
  Yams: 271b5757cee031e087ae6322128895c04826c4f3
  YandexMobileMetrica: 7dafc7d224077d4443ab3a587b82b24e9b6cc9c7

PODFILE CHECKSUM: 65c7813861f9912812443225058953282362f5f0

COCOAPODS: 1.12.1
